// !$*UTF8*$!
{
	archiveVersion = 1;
	classes = {
	};
	objectVersion = 46;
	objects = {

/* Begin PBXBuildFile section */
		11B7BA23C423B83221983933 /* libPods-Tests.a in Frameworks */ = {isa = PBXBuildFile; fileRef = E5B746BBF35C4AFEA88993A8 /* libPods-Tests.a */; };
		6003F58E195388D20070C39A /* Foundation.framework in Frameworks */ = {isa = PBXBuildFile; fileRef = 6003F58D195388D20070C39A /* Foundation.framework */; };
		6003F590195388D20070C39A /* CoreGraphics.framework in Frameworks */ = {isa = PBXBuildFile; fileRef = 6003F58F195388D20070C39A /* CoreGraphics.framework */; };
		6003F592195388D20070C39A /* UIKit.framework in Frameworks */ = {isa = PBXBuildFile; fileRef = 6003F591195388D20070C39A /* UIKit.framework */; };
		6003F598195388D20070C39A /* InfoPlist.strings in Resources */ = {isa = PBXBuildFile; fileRef = 6003F596195388D20070C39A /* InfoPlist.strings */; };
		6003F59A195388D20070C39A /* main.m in Sources */ = {isa = PBXBuildFile; fileRef = 6003F599195388D20070C39A /* main.m */; };
		6003F59E195388D20070C39A /* SENAppDelegate.m in Sources */ = {isa = PBXBuildFile; fileRef = 6003F59D195388D20070C39A /* SENAppDelegate.m */; };
		6003F5A1195388D20070C39A /* Main_iPhone.storyboard in Resources */ = {isa = PBXBuildFile; fileRef = 6003F59F195388D20070C39A /* Main_iPhone.storyboard */; };
		6003F5A4195388D20070C39A /* Main_iPad.storyboard in Resources */ = {isa = PBXBuildFile; fileRef = 6003F5A2195388D20070C39A /* Main_iPad.storyboard */; };
		6003F5A7195388D20070C39A /* SENViewController.m in Sources */ = {isa = PBXBuildFile; fileRef = 6003F5A6195388D20070C39A /* SENViewController.m */; };
		6003F5A9195388D20070C39A /* Images.xcassets in Resources */ = {isa = PBXBuildFile; fileRef = 6003F5A8195388D20070C39A /* Images.xcassets */; };
		6003F5B1195388D20070C39A /* Foundation.framework in Frameworks */ = {isa = PBXBuildFile; fileRef = 6003F58D195388D20070C39A /* Foundation.framework */; };
		6003F5B2195388D20070C39A /* UIKit.framework in Frameworks */ = {isa = PBXBuildFile; fileRef = 6003F591195388D20070C39A /* UIKit.framework */; };
		6003F5BA195388D20070C39A /* InfoPlist.strings in Resources */ = {isa = PBXBuildFile; fileRef = 6003F5B8195388D20070C39A /* InfoPlist.strings */; };
		8A22235219B66A4700C3480D /* SENSleepResultSegmentSpec.m in Sources */ = {isa = PBXBuildFile; fileRef = 8A22235119B66A4700C3480D /* SENSleepResultSegmentSpec.m */; };
		8A28CB0419CC983C0044A27D /* SENAPINotificationSpec.m in Sources */ = {isa = PBXBuildFile; fileRef = 8A28CB0319CC983C0044A27D /* SENAPINotificationSpec.m */; };
		8A32B1B61A328F3900061C76 /* SENAPIFeedbackSpec.m in Sources */ = {isa = PBXBuildFile; fileRef = 8A32B1B51A328F3900061C76 /* SENAPIFeedbackSpec.m */; };
		8A37BCC31A66DDEF007CDE44 /* SENTrendSpec.m in Sources */ = {isa = PBXBuildFile; fileRef = 8A37BCC21A66DDEF007CDE44 /* SENTrendSpec.m */; };
		8A37BCC51A66E7C8007CDE44 /* SENTrendDataPointSpec.m in Sources */ = {isa = PBXBuildFile; fileRef = 8A37BCC41A66E7C8007CDE44 /* SENTrendDataPointSpec.m */; };
		8A380D0B19C3930B009D94BE /* SENAPIClientSpec.m in Sources */ = {isa = PBXBuildFile; fileRef = 8A380D0A19C3930B009D94BE /* SENAPIClientSpec.m */; };
		8A45E66E1A819FBB0038AA7A /* SENSleepResultStatisticSpec.m in Sources */ = {isa = PBXBuildFile; fileRef = 8A45E66D1A819FBB0038AA7A /* SENSleepResultStatisticSpec.m */; };
		8A46E46919D49803005E784E /* SENAuthorizationServiceSpec.m in Sources */ = {isa = PBXBuildFile; fileRef = 8A46E46819D49803005E784E /* SENAuthorizationServiceSpec.m */; };
		8A4B669719ED9CE900445883 /* SENSleepResultSensorInsightSpec.m in Sources */ = {isa = PBXBuildFile; fileRef = 8A4B669619ED9CE900445883 /* SENSleepResultSensorInsightSpec.m */; };
		8A5313B81A6704AA003948E5 /* SENAPITrendsSpec.m in Sources */ = {isa = PBXBuildFile; fileRef = 8A5313B71A6704AA003948E5 /* SENAPITrendsSpec.m */; };
		8A6659D819DCD35F00C88E9B /* SENAPIAlarmsSpec.m in Sources */ = {isa = PBXBuildFile; fileRef = 8A6659D719DCD35F00C88E9B /* SENAPIAlarmsSpec.m */; };
		8A9266971A5741CF00D908EC /* SENAPIRoomSpec.m in Sources */ = {isa = PBXBuildFile; fileRef = 8A9266961A5741CF00D908EC /* SENAPIRoomSpec.m */; };
		8A9266A11A5CC11F00D908EC /* SENSoundSpec.m in Sources */ = {isa = PBXBuildFile; fileRef = 8A9266A01A5CC11F00D908EC /* SENSoundSpec.m */; };
		8AB29B7D196DC8C0004BE34E /* SENAlarmSpec.m in Sources */ = {isa = PBXBuildFile; fileRef = 8AB29B7B196DC8C0004BE34E /* SENAlarmSpec.m */; };
		8AB29B7E196DC8C0004BE34E /* SENSensorSpec.m in Sources */ = {isa = PBXBuildFile; fileRef = 8AB29B7C196DC8C0004BE34E /* SENSensorSpec.m */; };
		8ABA8A2D1A85A6BF00E8B51F /* SENInsightSpec.m in Sources */ = {isa = PBXBuildFile; fileRef = 8ABA8A2C1A85A6BF00E8B51F /* SENInsightSpec.m */; };
		8AE8BD711A85ACD0009E257B /* SENInsightInfoSpec.m in Sources */ = {isa = PBXBuildFile; fileRef = 8AE8BD701A85ACD0009E257B /* SENInsightInfoSpec.m */; };
		8AF2CFD619B63A1D00D09600 /* SENSleepResultSpec.m in Sources */ = {isa = PBXBuildFile; fileRef = 8AF2CFD519B63A1D00D09600 /* SENSleepResultSpec.m */; };
		A074E0189DF84269ACBD8754 /* libPods.a in Frameworks */ = {isa = PBXBuildFile; fileRef = F567B2B7C8E6429891E89AFC /* libPods.a */; };
		BF05C8DE1A392032002A1307 /* SENSenseSpec.m in Sources */ = {isa = PBXBuildFile; fileRef = BF05C8DD1A392032002A1307 /* SENSenseSpec.m */; };
		BF05C8F71A3BA262002A1307 /* SENAnalyticsLoggerSpec.m in Sources */ = {isa = PBXBuildFile; fileRef = BF05C8F61A3BA262002A1307 /* SENAnalyticsLoggerSpec.m */; };
		BF0E53971A327F76002FB083 /* SENServiceAccountSpec.m in Sources */ = {isa = PBXBuildFile; fileRef = BF0E53961A327F76002FB083 /* SENServiceAccountSpec.m */; };
		BF17A19F19C3C8B500C4B6CA /* SENAPIQuestionsSpec.m in Sources */ = {isa = PBXBuildFile; fileRef = BF17A19E19C3C8B500C4B6CA /* SENAPIQuestionsSpec.m */; };
		BF17A1A219C3C92300C4B6CA /* SENServiceQuestionsSpec.m in Sources */ = {isa = PBXBuildFile; fileRef = BF17A1A119C3C92300C4B6CA /* SENServiceQuestionsSpec.m */; };
		BF1E2E661A01AE6400DDD0D0 /* SENAPITimeZoneSpec.m in Sources */ = {isa = PBXBuildFile; fileRef = BF1E2E651A01AE6400DDD0D0 /* SENAPITimeZoneSpec.m */; };
		BF1E2E791A031DF900DDD0D0 /* SENAPIInsightSpec.m in Sources */ = {isa = PBXBuildFile; fileRef = BF1E2E781A031DF900DDD0D0 /* SENAPIInsightSpec.m */; };
		BF414CE41A771206006204DE /* SENServiceHealthKitSpec.m in Sources */ = {isa = PBXBuildFile; fileRef = BF414CE31A771206006204DE /* SENServiceHealthKitSpec.m */; };
		BF5E444819ACEF6D00278A2F /* SENSenseManagerSpec.m in Sources */ = {isa = PBXBuildFile; fileRef = BF5E444719ACEF6D00278A2F /* SENSenseManagerSpec.m */; };
		BF8E1A951A6893F1009E421F /* SENPreferenceSpec.m in Sources */ = {isa = PBXBuildFile; fileRef = BF8E1A941A6893F1009E421F /* SENPreferenceSpec.m */; };
		BF8E1A981A6898CD009E421F /* SENAPIPreferenceSpec.m in Sources */ = {isa = PBXBuildFile; fileRef = BF8E1A971A6898CD009E421F /* SENAPIPreferenceSpec.m */; };
		BF98FC331A96922D00AEC04C /* SENLocalPreferencesSpec.m in Sources */ = {isa = PBXBuildFile; fileRef = BF98FC321A96922D00AEC04C /* SENLocalPreferencesSpec.m */; };
		BFB6D47219BA4342004CA11B /* SENAPIAccountSpec.m in Sources */ = {isa = PBXBuildFile; fileRef = BFB6D47119BA4342004CA11B /* SENAPIAccountSpec.m */; };
		BFCD7E9E19D4DF4A004AE99D /* SENAPIDeviceSpec.m in Sources */ = {isa = PBXBuildFile; fileRef = BFCD7E9C19D4DF4A004AE99D /* SENAPIDeviceSpec.m */; };
		BFF03EC61A533D1E00BD65D4 /* SENServiceDeviceSpec.m in Sources */ = {isa = PBXBuildFile; fileRef = BFF03EC51A533D1E00BD65D4 /* SENServiceDeviceSpec.m */; };
/* End PBXBuildFile section */

/* Begin PBXContainerItemProxy section */
		6003F5B3195388D20070C39A /* PBXContainerItemProxy */ = {
			isa = PBXContainerItemProxy;
			containerPortal = 6003F582195388D10070C39A /* Project object */;
			proxyType = 1;
			remoteGlobalIDString = 6003F589195388D20070C39A;
			remoteInfo = SenseKit;
		};
/* End PBXContainerItemProxy section */

/* Begin PBXFileReference section */
		0D611FB683D84137898FB644 /* libPods-SenseKit.a */ = {isa = PBXFileReference; explicitFileType = archive.ar; includeInIndex = 0; path = "libPods-SenseKit.a"; sourceTree = BUILT_PRODUCTS_DIR; };
		39E5A7A07011C17416A7F75A /* Pods.debug.xcconfig */ = {isa = PBXFileReference; includeInIndex = 1; lastKnownFileType = text.xcconfig; name = Pods.debug.xcconfig; path = "Pods/Target Support Files/Pods/Pods.debug.xcconfig"; sourceTree = "<group>"; };
		432A2FAB43091C8DA6D72BA9 /* Pods-Tests.release.xcconfig */ = {isa = PBXFileReference; includeInIndex = 1; lastKnownFileType = text.xcconfig; name = "Pods-Tests.release.xcconfig"; path = "Pods/Target Support Files/Pods-Tests/Pods-Tests.release.xcconfig"; sourceTree = "<group>"; };
		6003F58A195388D20070C39A /* SenseKit.app */ = {isa = PBXFileReference; explicitFileType = wrapper.application; includeInIndex = 0; path = SenseKit.app; sourceTree = BUILT_PRODUCTS_DIR; };
		6003F58D195388D20070C39A /* Foundation.framework */ = {isa = PBXFileReference; lastKnownFileType = wrapper.framework; name = Foundation.framework; path = System/Library/Frameworks/Foundation.framework; sourceTree = SDKROOT; };
		6003F58F195388D20070C39A /* CoreGraphics.framework */ = {isa = PBXFileReference; lastKnownFileType = wrapper.framework; name = CoreGraphics.framework; path = System/Library/Frameworks/CoreGraphics.framework; sourceTree = SDKROOT; };
		6003F591195388D20070C39A /* UIKit.framework */ = {isa = PBXFileReference; lastKnownFileType = wrapper.framework; name = UIKit.framework; path = System/Library/Frameworks/UIKit.framework; sourceTree = SDKROOT; };
		6003F595195388D20070C39A /* SenseKit-Info.plist */ = {isa = PBXFileReference; lastKnownFileType = text.plist.xml; path = "SenseKit-Info.plist"; sourceTree = "<group>"; };
		6003F597195388D20070C39A /* en */ = {isa = PBXFileReference; lastKnownFileType = text.plist.strings; name = en; path = en.lproj/InfoPlist.strings; sourceTree = "<group>"; };
		6003F599195388D20070C39A /* main.m */ = {isa = PBXFileReference; lastKnownFileType = sourcecode.c.objc; path = main.m; sourceTree = "<group>"; };
		6003F59B195388D20070C39A /* SenseKit-Prefix.pch */ = {isa = PBXFileReference; lastKnownFileType = sourcecode.c.h; path = "SenseKit-Prefix.pch"; sourceTree = "<group>"; };
		6003F59C195388D20070C39A /* SENAppDelegate.h */ = {isa = PBXFileReference; lastKnownFileType = sourcecode.c.h; path = SENAppDelegate.h; sourceTree = "<group>"; };
		6003F59D195388D20070C39A /* SENAppDelegate.m */ = {isa = PBXFileReference; lastKnownFileType = sourcecode.c.objc; path = SENAppDelegate.m; sourceTree = "<group>"; };
		6003F5A0195388D20070C39A /* Base */ = {isa = PBXFileReference; lastKnownFileType = file.storyboard; name = Base; path = Base.lproj/Main_iPhone.storyboard; sourceTree = "<group>"; };
		6003F5A3195388D20070C39A /* Base */ = {isa = PBXFileReference; lastKnownFileType = file.storyboard; name = Base; path = Base.lproj/Main_iPad.storyboard; sourceTree = "<group>"; };
		6003F5A5195388D20070C39A /* SENViewController.h */ = {isa = PBXFileReference; lastKnownFileType = sourcecode.c.h; path = SENViewController.h; sourceTree = "<group>"; };
		6003F5A6195388D20070C39A /* SENViewController.m */ = {isa = PBXFileReference; lastKnownFileType = sourcecode.c.objc; path = SENViewController.m; sourceTree = "<group>"; };
		6003F5A8195388D20070C39A /* Images.xcassets */ = {isa = PBXFileReference; lastKnownFileType = folder.assetcatalog; path = Images.xcassets; sourceTree = "<group>"; };
		6003F5AE195388D20070C39A /* Tests.xctest */ = {isa = PBXFileReference; explicitFileType = wrapper.cfbundle; includeInIndex = 0; path = Tests.xctest; sourceTree = BUILT_PRODUCTS_DIR; };
		6003F5AF195388D20070C39A /* XCTest.framework */ = {isa = PBXFileReference; lastKnownFileType = wrapper.framework; name = XCTest.framework; path = Library/Frameworks/XCTest.framework; sourceTree = DEVELOPER_DIR; };
		6003F5B7195388D20070C39A /* Tests-Info.plist */ = {isa = PBXFileReference; lastKnownFileType = text.plist.xml; path = "Tests-Info.plist"; sourceTree = "<group>"; };
		6003F5B9195388D20070C39A /* en */ = {isa = PBXFileReference; lastKnownFileType = text.plist.strings; name = en; path = en.lproj/InfoPlist.strings; sourceTree = "<group>"; };
		606FC2411953D9B200FFA9A0 /* Tests-Prefix.pch */ = {isa = PBXFileReference; lastKnownFileType = sourcecode.c.h; path = "Tests-Prefix.pch"; sourceTree = "<group>"; };
		7947F1071D0449D58162C4F5 /* README.md */ = {isa = PBXFileReference; includeInIndex = 1; lastKnownFileType = text; name = README.md; path = ../README.md; sourceTree = "<group>"; };
		8013CA089045778381E1681D /* Pods-Tests.debug.xcconfig */ = {isa = PBXFileReference; includeInIndex = 1; lastKnownFileType = text.xcconfig; name = "Pods-Tests.debug.xcconfig"; path = "Pods/Target Support Files/Pods-Tests/Pods-Tests.debug.xcconfig"; sourceTree = "<group>"; };
		8A22235119B66A4700C3480D /* SENSleepResultSegmentSpec.m */ = {isa = PBXFileReference; fileEncoding = 4; lastKnownFileType = sourcecode.c.objc; path = SENSleepResultSegmentSpec.m; sourceTree = "<group>"; };
		8A28CB0319CC983C0044A27D /* SENAPINotificationSpec.m */ = {isa = PBXFileReference; fileEncoding = 4; lastKnownFileType = sourcecode.c.objc; lineEnding = 0; path = SENAPINotificationSpec.m; sourceTree = "<group>"; xcLanguageSpecificationIdentifier = xcode.lang.objc; };
		8A32B1B51A328F3900061C76 /* SENAPIFeedbackSpec.m */ = {isa = PBXFileReference; fileEncoding = 4; lastKnownFileType = sourcecode.c.objc; path = SENAPIFeedbackSpec.m; sourceTree = "<group>"; };
		8A37BCC21A66DDEF007CDE44 /* SENTrendSpec.m */ = {isa = PBXFileReference; fileEncoding = 4; lastKnownFileType = sourcecode.c.objc; path = SENTrendSpec.m; sourceTree = "<group>"; };
		8A37BCC41A66E7C8007CDE44 /* SENTrendDataPointSpec.m */ = {isa = PBXFileReference; fileEncoding = 4; lastKnownFileType = sourcecode.c.objc; path = SENTrendDataPointSpec.m; sourceTree = "<group>"; };
		8A380D0A19C3930B009D94BE /* SENAPIClientSpec.m */ = {isa = PBXFileReference; fileEncoding = 4; lastKnownFileType = sourcecode.c.objc; path = SENAPIClientSpec.m; sourceTree = "<group>"; };
		8A45E66D1A819FBB0038AA7A /* SENSleepResultStatisticSpec.m */ = {isa = PBXFileReference; fileEncoding = 4; lastKnownFileType = sourcecode.c.objc; path = SENSleepResultStatisticSpec.m; sourceTree = "<group>"; };
		8A46E46819D49803005E784E /* SENAuthorizationServiceSpec.m */ = {isa = PBXFileReference; fileEncoding = 4; lastKnownFileType = sourcecode.c.objc; path = SENAuthorizationServiceSpec.m; sourceTree = "<group>"; };
		8A4B669619ED9CE900445883 /* SENSleepResultSensorInsightSpec.m */ = {isa = PBXFileReference; fileEncoding = 4; lastKnownFileType = sourcecode.c.objc; path = SENSleepResultSensorInsightSpec.m; sourceTree = "<group>"; };
		8A5313B71A6704AA003948E5 /* SENAPITrendsSpec.m */ = {isa = PBXFileReference; fileEncoding = 4; lastKnownFileType = sourcecode.c.objc; path = SENAPITrendsSpec.m; sourceTree = "<group>"; };
		8A6659D719DCD35F00C88E9B /* SENAPIAlarmsSpec.m */ = {isa = PBXFileReference; fileEncoding = 4; lastKnownFileType = sourcecode.c.objc; path = SENAPIAlarmsSpec.m; sourceTree = "<group>"; };
		8A9266961A5741CF00D908EC /* SENAPIRoomSpec.m */ = {isa = PBXFileReference; fileEncoding = 4; lastKnownFileType = sourcecode.c.objc; path = SENAPIRoomSpec.m; sourceTree = "<group>"; };
		8A9266A01A5CC11F00D908EC /* SENSoundSpec.m */ = {isa = PBXFileReference; fileEncoding = 4; lastKnownFileType = sourcecode.c.objc; path = SENSoundSpec.m; sourceTree = "<group>"; };
		8AB29B7B196DC8C0004BE34E /* SENAlarmSpec.m */ = {isa = PBXFileReference; fileEncoding = 4; lastKnownFileType = sourcecode.c.objc; path = SENAlarmSpec.m; sourceTree = "<group>"; };
		8AB29B7C196DC8C0004BE34E /* SENSensorSpec.m */ = {isa = PBXFileReference; fileEncoding = 4; lastKnownFileType = sourcecode.c.objc; path = SENSensorSpec.m; sourceTree = "<group>"; };
		8AB29B7F196DFD8C004BE34E /* Makefile */ = {isa = PBXFileReference; fileEncoding = 4; lastKnownFileType = sourcecode.make; name = Makefile; path = ../Makefile; sourceTree = "<group>"; };
		8ABA8A2C1A85A6BF00E8B51F /* SENInsightSpec.m */ = {isa = PBXFileReference; fileEncoding = 4; lastKnownFileType = sourcecode.c.objc; path = SENInsightSpec.m; sourceTree = "<group>"; };
		8AE8BD701A85ACD0009E257B /* SENInsightInfoSpec.m */ = {isa = PBXFileReference; fileEncoding = 4; lastKnownFileType = sourcecode.c.objc; path = SENInsightInfoSpec.m; sourceTree = "<group>"; };
		8AF2CFD519B63A1D00D09600 /* SENSleepResultSpec.m */ = {isa = PBXFileReference; fileEncoding = 4; lastKnownFileType = sourcecode.c.objc; path = SENSleepResultSpec.m; sourceTree = "<group>"; };
		BAAB663FB4ACE7276D1DDFDA /* Pods.release.xcconfig */ = {isa = PBXFileReference; includeInIndex = 1; lastKnownFileType = text.xcconfig; name = Pods.release.xcconfig; path = "Pods/Target Support Files/Pods/Pods.release.xcconfig"; sourceTree = "<group>"; };
		BF05C8DD1A392032002A1307 /* SENSenseSpec.m */ = {isa = PBXFileReference; fileEncoding = 4; lastKnownFileType = sourcecode.c.objc; path = SENSenseSpec.m; sourceTree = "<group>"; };
		BF05C8F61A3BA262002A1307 /* SENAnalyticsLoggerSpec.m */ = {isa = PBXFileReference; fileEncoding = 4; lastKnownFileType = sourcecode.c.objc; path = SENAnalyticsLoggerSpec.m; sourceTree = "<group>"; };
		BF0E53961A327F76002FB083 /* SENServiceAccountSpec.m */ = {isa = PBXFileReference; fileEncoding = 4; lastKnownFileType = sourcecode.c.objc; path = SENServiceAccountSpec.m; sourceTree = "<group>"; };
		BF17A19E19C3C8B500C4B6CA /* SENAPIQuestionsSpec.m */ = {isa = PBXFileReference; fileEncoding = 4; lastKnownFileType = sourcecode.c.objc; lineEnding = 0; path = SENAPIQuestionsSpec.m; sourceTree = "<group>"; xcLanguageSpecificationIdentifier = xcode.lang.objc; };
		BF17A1A119C3C92300C4B6CA /* SENServiceQuestionsSpec.m */ = {isa = PBXFileReference; fileEncoding = 4; lastKnownFileType = sourcecode.c.objc; path = SENServiceQuestionsSpec.m; sourceTree = "<group>"; };
		BF1E2E651A01AE6400DDD0D0 /* SENAPITimeZoneSpec.m */ = {isa = PBXFileReference; fileEncoding = 4; lastKnownFileType = sourcecode.c.objc; lineEnding = 0; path = SENAPITimeZoneSpec.m; sourceTree = "<group>"; xcLanguageSpecificationIdentifier = xcode.lang.objc; };
		BF1E2E781A031DF900DDD0D0 /* SENAPIInsightSpec.m */ = {isa = PBXFileReference; fileEncoding = 4; lastKnownFileType = sourcecode.c.objc; lineEnding = 0; path = SENAPIInsightSpec.m; sourceTree = "<group>"; xcLanguageSpecificationIdentifier = xcode.lang.objc; };
		BF25061D19E4CA9900CD131A /* SenseKit.entitlements */ = {isa = PBXFileReference; lastKnownFileType = text.xml; path = SenseKit.entitlements; sourceTree = "<group>"; };
		BF414CE31A771206006204DE /* SENServiceHealthKitSpec.m */ = {isa = PBXFileReference; fileEncoding = 4; lastKnownFileType = sourcecode.c.objc; path = SENServiceHealthKitSpec.m; sourceTree = "<group>"; };
		BF5E444719ACEF6D00278A2F /* SENSenseManagerSpec.m */ = {isa = PBXFileReference; fileEncoding = 4; lastKnownFileType = sourcecode.c.objc; path = SENSenseManagerSpec.m; sourceTree = "<group>"; };
		BF8E1A941A6893F1009E421F /* SENPreferenceSpec.m */ = {isa = PBXFileReference; fileEncoding = 4; lastKnownFileType = sourcecode.c.objc; path = SENPreferenceSpec.m; sourceTree = "<group>"; };
		BF8E1A971A6898CD009E421F /* SENAPIPreferenceSpec.m */ = {isa = PBXFileReference; fileEncoding = 4; lastKnownFileType = sourcecode.c.objc; path = SENAPIPreferenceSpec.m; sourceTree = "<group>"; };
		BF98FC321A96922D00AEC04C /* SENLocalPreferencesSpec.m */ = {isa = PBXFileReference; fileEncoding = 4; lastKnownFileType = sourcecode.c.objc; path = SENLocalPreferencesSpec.m; sourceTree = "<group>"; };
		BFB6D47119BA4342004CA11B /* SENAPIAccountSpec.m */ = {isa = PBXFileReference; fileEncoding = 4; lastKnownFileType = sourcecode.c.objc; lineEnding = 0; path = SENAPIAccountSpec.m; sourceTree = "<group>"; xcLanguageSpecificationIdentifier = xcode.lang.objc; };
		BFCD7E9C19D4DF4A004AE99D /* SENAPIDeviceSpec.m */ = {isa = PBXFileReference; fileEncoding = 4; lastKnownFileType = sourcecode.c.objc; lineEnding = 0; path = SENAPIDeviceSpec.m; sourceTree = "<group>"; xcLanguageSpecificationIdentifier = xcode.lang.objc; };
		BFF03EC51A533D1E00BD65D4 /* SENServiceDeviceSpec.m */ = {isa = PBXFileReference; fileEncoding = 4; lastKnownFileType = sourcecode.c.objc; path = SENServiceDeviceSpec.m; sourceTree = "<group>"; };
		E5B746BBF35C4AFEA88993A8 /* libPods-Tests.a */ = {isa = PBXFileReference; explicitFileType = archive.ar; includeInIndex = 0; path = "libPods-Tests.a"; sourceTree = BUILT_PRODUCTS_DIR; };
		F567B2B7C8E6429891E89AFC /* libPods.a */ = {isa = PBXFileReference; explicitFileType = archive.ar; includeInIndex = 0; path = libPods.a; sourceTree = BUILT_PRODUCTS_DIR; };
		F82AF0792F344A2BB71AFFAF /* SenseKit.podspec */ = {isa = PBXFileReference; explicitFileType = text.script.ruby; includeInIndex = 1; indentWidth = 2; name = SenseKit.podspec; path = ../SenseKit.podspec; sourceTree = "<group>"; tabWidth = 2; };
/* End PBXFileReference section */

/* Begin PBXFrameworksBuildPhase section */
		6003F587195388D20070C39A /* Frameworks */ = {
			isa = PBXFrameworksBuildPhase;
			buildActionMask = 2147483647;
			files = (
				6003F590195388D20070C39A /* CoreGraphics.framework in Frameworks */,
				6003F592195388D20070C39A /* UIKit.framework in Frameworks */,
				6003F58E195388D20070C39A /* Foundation.framework in Frameworks */,
				A074E0189DF84269ACBD8754 /* libPods.a in Frameworks */,
			);
			runOnlyForDeploymentPostprocessing = 0;
		};
		6003F5AB195388D20070C39A /* Frameworks */ = {
			isa = PBXFrameworksBuildPhase;
			buildActionMask = 2147483647;
			files = (
				6003F5B2195388D20070C39A /* UIKit.framework in Frameworks */,
				6003F5B1195388D20070C39A /* Foundation.framework in Frameworks */,
				11B7BA23C423B83221983933 /* libPods-Tests.a in Frameworks */,
			);
			runOnlyForDeploymentPostprocessing = 0;
		};
/* End PBXFrameworksBuildPhase section */

/* Begin PBXGroup section */
		6003F581195388D10070C39A = {
			isa = PBXGroup;
			children = (
				60FF7A9C1954A5C5007DD14C /* Podspec Metadata */,
				6003F593195388D20070C39A /* SenseKit */,
				6003F5B5195388D20070C39A /* Tests */,
				6003F58C195388D20070C39A /* Frameworks */,
				6003F58B195388D20070C39A /* Products */,
				6A30AF198F2D38FD990B2CE0 /* Pods */,
			);
			sourceTree = "<group>";
		};
		6003F58B195388D20070C39A /* Products */ = {
			isa = PBXGroup;
			children = (
				6003F58A195388D20070C39A /* SenseKit.app */,
				6003F5AE195388D20070C39A /* Tests.xctest */,
			);
			name = Products;
			sourceTree = "<group>";
		};
		6003F58C195388D20070C39A /* Frameworks */ = {
			isa = PBXGroup;
			children = (
				6003F58D195388D20070C39A /* Foundation.framework */,
				6003F58F195388D20070C39A /* CoreGraphics.framework */,
				6003F591195388D20070C39A /* UIKit.framework */,
				6003F5AF195388D20070C39A /* XCTest.framework */,
				0D611FB683D84137898FB644 /* libPods-SenseKit.a */,
				E5B746BBF35C4AFEA88993A8 /* libPods-Tests.a */,
				F567B2B7C8E6429891E89AFC /* libPods.a */,
			);
			name = Frameworks;
			sourceTree = "<group>";
		};
		6003F593195388D20070C39A /* SenseKit */ = {
			isa = PBXGroup;
			children = (
				6003F59C195388D20070C39A /* SENAppDelegate.h */,
				6003F59D195388D20070C39A /* SENAppDelegate.m */,
				6003F59F195388D20070C39A /* Main_iPhone.storyboard */,
				6003F5A2195388D20070C39A /* Main_iPad.storyboard */,
				6003F5A5195388D20070C39A /* SENViewController.h */,
				6003F5A6195388D20070C39A /* SENViewController.m */,
				6003F5A8195388D20070C39A /* Images.xcassets */,
				6003F594195388D20070C39A /* Supporting Files */,
			);
			path = SenseKit;
			sourceTree = "<group>";
		};
		6003F594195388D20070C39A /* Supporting Files */ = {
			isa = PBXGroup;
			children = (
				BF25061D19E4CA9900CD131A /* SenseKit.entitlements */,
				6003F595195388D20070C39A /* SenseKit-Info.plist */,
				6003F596195388D20070C39A /* InfoPlist.strings */,
				6003F599195388D20070C39A /* main.m */,
				6003F59B195388D20070C39A /* SenseKit-Prefix.pch */,
			);
			name = "Supporting Files";
			sourceTree = "<group>";
		};
		6003F5B5195388D20070C39A /* Tests */ = {
			isa = PBXGroup;
			children = (
				BF05C8F41A3BA24E002A1307 /* Analytics */,
				8AFE76F519E718520000F881 /* API */,
				8AFE76F619E718550000F881 /* Model */,
				8AFE76F719E718820000F881 /* Service */,
				6003F5B6195388D20070C39A /* Supporting Files */,
			);
			path = Tests;
			sourceTree = "<group>";
		};
		6003F5B6195388D20070C39A /* Supporting Files */ = {
			isa = PBXGroup;
			children = (
				6003F5B7195388D20070C39A /* Tests-Info.plist */,
				6003F5B8195388D20070C39A /* InfoPlist.strings */,
				606FC2411953D9B200FFA9A0 /* Tests-Prefix.pch */,
			);
			name = "Supporting Files";
			sourceTree = "<group>";
		};
		60FF7A9C1954A5C5007DD14C /* Podspec Metadata */ = {
			isa = PBXGroup;
			children = (
				8AB29B7F196DFD8C004BE34E /* Makefile */,
				F82AF0792F344A2BB71AFFAF /* SenseKit.podspec */,
				7947F1071D0449D58162C4F5 /* README.md */,
			);
			name = "Podspec Metadata";
			sourceTree = "<group>";
		};
		6A30AF198F2D38FD990B2CE0 /* Pods */ = {
			isa = PBXGroup;
			children = (
				39E5A7A07011C17416A7F75A /* Pods.debug.xcconfig */,
				BAAB663FB4ACE7276D1DDFDA /* Pods.release.xcconfig */,
				8013CA089045778381E1681D /* Pods-Tests.debug.xcconfig */,
				432A2FAB43091C8DA6D72BA9 /* Pods-Tests.release.xcconfig */,
			);
			name = Pods;
			sourceTree = "<group>";
		};
		8AFE76F519E718520000F881 /* API */ = {
			isa = PBXGroup;
			children = (
				BFB6D47119BA4342004CA11B /* SENAPIAccountSpec.m */,
				8A6659D719DCD35F00C88E9B /* SENAPIAlarmsSpec.m */,
				8A380D0A19C3930B009D94BE /* SENAPIClientSpec.m */,
				BFCD7E9C19D4DF4A004AE99D /* SENAPIDeviceSpec.m */,
				8A32B1B51A328F3900061C76 /* SENAPIFeedbackSpec.m */,
				BF1E2E781A031DF900DDD0D0 /* SENAPIInsightSpec.m */,
				8A28CB0319CC983C0044A27D /* SENAPINotificationSpec.m */,
				BF8E1A971A6898CD009E421F /* SENAPIPreferenceSpec.m */,
				BF17A19E19C3C8B500C4B6CA /* SENAPIQuestionsSpec.m */,
				8A9266961A5741CF00D908EC /* SENAPIRoomSpec.m */,
				BF1E2E651A01AE6400DDD0D0 /* SENAPITimeZoneSpec.m */,
				8A5313B71A6704AA003948E5 /* SENAPITrendsSpec.m */,
				8A46E46819D49803005E784E /* SENAuthorizationServiceSpec.m */,
			);
			name = API;
			sourceTree = "<group>";
		};
		8AFE76F619E718550000F881 /* Model */ = {
			isa = PBXGroup;
			children = (
				8AB29B7B196DC8C0004BE34E /* SENAlarmSpec.m */,
				8AE8BD701A85ACD0009E257B /* SENInsightInfoSpec.m */,
				8ABA8A2C1A85A6BF00E8B51F /* SENInsightSpec.m */,
				BF8E1A941A6893F1009E421F /* SENPreferenceSpec.m */,
				BF5E444719ACEF6D00278A2F /* SENSenseManagerSpec.m */,
				BF05C8DD1A392032002A1307 /* SENSenseSpec.m */,
				8AB29B7C196DC8C0004BE34E /* SENSensorSpec.m */,
				8A22235119B66A4700C3480D /* SENSleepResultSegmentSpec.m */,
				8A4B669619ED9CE900445883 /* SENSleepResultSensorInsightSpec.m */,
				8AF2CFD519B63A1D00D09600 /* SENSleepResultSpec.m */,
				8A45E66D1A819FBB0038AA7A /* SENSleepResultStatisticSpec.m */,
				8A9266A01A5CC11F00D908EC /* SENSoundSpec.m */,
				8A37BCC41A66E7C8007CDE44 /* SENTrendDataPointSpec.m */,
				8A37BCC21A66DDEF007CDE44 /* SENTrendSpec.m */,
				BF98FC321A96922D00AEC04C /* SENLocalPreferencesSpec.m */,
			);
			name = Model;
			sourceTree = "<group>";
		};
		8AFE76F719E718820000F881 /* Service */ = {
			isa = PBXGroup;
			children = (
				BF17A1A119C3C92300C4B6CA /* SENServiceQuestionsSpec.m */,
				BF0E53961A327F76002FB083 /* SENServiceAccountSpec.m */,
				BFF03EC51A533D1E00BD65D4 /* SENServiceDeviceSpec.m */,
				BF414CE31A771206006204DE /* SENServiceHealthKitSpec.m */,
			);
			name = Service;
			sourceTree = "<group>";
		};
		BF05C8F41A3BA24E002A1307 /* Analytics */ = {
			isa = PBXGroup;
			children = (
				BF05C8F61A3BA262002A1307 /* SENAnalyticsLoggerSpec.m */,
			);
			name = Analytics;
			sourceTree = "<group>";
		};
/* End PBXGroup section */

/* Begin PBXNativeTarget section */
		6003F589195388D20070C39A /* SenseKit */ = {
			isa = PBXNativeTarget;
			buildConfigurationList = 6003F5BF195388D20070C39A /* Build configuration list for PBXNativeTarget "SenseKit" */;
			buildPhases = (
				D18FF329A03342899A990024 /* Check Pods Manifest.lock */,
				6003F586195388D20070C39A /* Sources */,
				6003F587195388D20070C39A /* Frameworks */,
				6003F588195388D20070C39A /* Resources */,
				D3D575F0BE0B4D6BA2A59B93 /* Copy Pods Resources */,
			);
			buildRules = (
			);
			dependencies = (
			);
			name = SenseKit;
			productName = SenseKit;
			productReference = 6003F58A195388D20070C39A /* SenseKit.app */;
			productType = "com.apple.product-type.application";
		};
		6003F5AD195388D20070C39A /* Tests */ = {
			isa = PBXNativeTarget;
			buildConfigurationList = 6003F5C2195388D20070C39A /* Build configuration list for PBXNativeTarget "Tests" */;
			buildPhases = (
				F59D15D8C16B46BEBDEA3249 /* Check Pods Manifest.lock */,
				6003F5AA195388D20070C39A /* Sources */,
				6003F5AB195388D20070C39A /* Frameworks */,
				6003F5AC195388D20070C39A /* Resources */,
				3CDE065A6A6849B1B9986C77 /* Copy Pods Resources */,
			);
			buildRules = (
			);
			dependencies = (
				6003F5B4195388D20070C39A /* PBXTargetDependency */,
			);
			name = Tests;
			productName = SenseKitTests;
			productReference = 6003F5AE195388D20070C39A /* Tests.xctest */;
			productType = "com.apple.product-type.bundle.unit-test";
		};
/* End PBXNativeTarget section */

/* Begin PBXProject section */
		6003F582195388D10070C39A /* Project object */ = {
			isa = PBXProject;
			attributes = {
				CLASSPREFIX = SEN;
				LastUpgradeCheck = 0510;
				ORGANIZATIONNAME = "Hello, Inc.";
				TargetAttributes = {
					6003F589195388D20070C39A = {
						DevelopmentTeam = MSG86J7GNF;
						SystemCapabilities = {
							com.apple.ApplicationGroups.iOS = {
								enabled = 1;
							};
							com.apple.Keychain = {
								enabled = 1;
							};
						};
					};
					6003F5AD195388D20070C39A = {
						TestTargetID = 6003F589195388D20070C39A;
					};
				};
			};
			buildConfigurationList = 6003F585195388D10070C39A /* Build configuration list for PBXProject "SenseKit" */;
			compatibilityVersion = "Xcode 3.2";
			developmentRegion = English;
			hasScannedForEncodings = 0;
			knownRegions = (
				en,
				Base,
			);
			mainGroup = 6003F581195388D10070C39A;
			productRefGroup = 6003F58B195388D20070C39A /* Products */;
			projectDirPath = "";
			projectRoot = "";
			targets = (
				6003F589195388D20070C39A /* SenseKit */,
				6003F5AD195388D20070C39A /* Tests */,
			);
		};
/* End PBXProject section */

/* Begin PBXResourcesBuildPhase section */
		6003F588195388D20070C39A /* Resources */ = {
			isa = PBXResourcesBuildPhase;
			buildActionMask = 2147483647;
			files = (
				6003F5A4195388D20070C39A /* Main_iPad.storyboard in Resources */,
				6003F5A9195388D20070C39A /* Images.xcassets in Resources */,
				6003F5A1195388D20070C39A /* Main_iPhone.storyboard in Resources */,
				6003F598195388D20070C39A /* InfoPlist.strings in Resources */,
			);
			runOnlyForDeploymentPostprocessing = 0;
		};
		6003F5AC195388D20070C39A /* Resources */ = {
			isa = PBXResourcesBuildPhase;
			buildActionMask = 2147483647;
			files = (
				6003F5BA195388D20070C39A /* InfoPlist.strings in Resources */,
			);
			runOnlyForDeploymentPostprocessing = 0;
		};
/* End PBXResourcesBuildPhase section */

/* Begin PBXShellScriptBuildPhase section */
		3CDE065A6A6849B1B9986C77 /* Copy Pods Resources */ = {
			isa = PBXShellScriptBuildPhase;
			buildActionMask = 2147483647;
			files = (
			);
			inputPaths = (
			);
			name = "Copy Pods Resources";
			outputPaths = (
			);
			runOnlyForDeploymentPostprocessing = 0;
			shellPath = /bin/sh;
			shellScript = "\"${SRCROOT}/Pods/Target Support Files/Pods-Tests/Pods-Tests-resources.sh\"\n";
			showEnvVarsInLog = 0;
		};
		D18FF329A03342899A990024 /* Check Pods Manifest.lock */ = {
			isa = PBXShellScriptBuildPhase;
			buildActionMask = 2147483647;
			files = (
			);
			inputPaths = (
			);
			name = "Check Pods Manifest.lock";
			outputPaths = (
			);
			runOnlyForDeploymentPostprocessing = 0;
			shellPath = /bin/sh;
			shellScript = "diff \"${PODS_ROOT}/../Podfile.lock\" \"${PODS_ROOT}/Manifest.lock\" > /dev/null\nif [[ $? != 0 ]] ; then\n    cat << EOM\nerror: The sandbox is not in sync with the Podfile.lock. Run 'pod install' or update your CocoaPods installation.\nEOM\n    exit 1\nfi\n";
			showEnvVarsInLog = 0;
		};
		D3D575F0BE0B4D6BA2A59B93 /* Copy Pods Resources */ = {
			isa = PBXShellScriptBuildPhase;
			buildActionMask = 2147483647;
			files = (
			);
			inputPaths = (
			);
			name = "Copy Pods Resources";
			outputPaths = (
			);
			runOnlyForDeploymentPostprocessing = 0;
			shellPath = /bin/sh;
			shellScript = "\"${SRCROOT}/Pods/Target Support Files/Pods/Pods-resources.sh\"\n";
			showEnvVarsInLog = 0;
		};
		F59D15D8C16B46BEBDEA3249 /* Check Pods Manifest.lock */ = {
			isa = PBXShellScriptBuildPhase;
			buildActionMask = 2147483647;
			files = (
			);
			inputPaths = (
			);
			name = "Check Pods Manifest.lock";
			outputPaths = (
			);
			runOnlyForDeploymentPostprocessing = 0;
			shellPath = /bin/sh;
			shellScript = "diff \"${PODS_ROOT}/../Podfile.lock\" \"${PODS_ROOT}/Manifest.lock\" > /dev/null\nif [[ $? != 0 ]] ; then\n    cat << EOM\nerror: The sandbox is not in sync with the Podfile.lock. Run 'pod install' or update your CocoaPods installation.\nEOM\n    exit 1\nfi\n";
			showEnvVarsInLog = 0;
		};
/* End PBXShellScriptBuildPhase section */

/* Begin PBXSourcesBuildPhase section */
		6003F586195388D20070C39A /* Sources */ = {
			isa = PBXSourcesBuildPhase;
			buildActionMask = 2147483647;
			files = (
				6003F59E195388D20070C39A /* SENAppDelegate.m in Sources */,
				6003F5A7195388D20070C39A /* SENViewController.m in Sources */,
				6003F59A195388D20070C39A /* main.m in Sources */,
			);
			runOnlyForDeploymentPostprocessing = 0;
		};
		6003F5AA195388D20070C39A /* Sources */ = {
			isa = PBXSourcesBuildPhase;
			buildActionMask = 2147483647;
			files = (
				8A45E66E1A819FBB0038AA7A /* SENSleepResultStatisticSpec.m in Sources */,
				BF414CE41A771206006204DE /* SENServiceHealthKitSpec.m in Sources */,
				BFCD7E9E19D4DF4A004AE99D /* SENAPIDeviceSpec.m in Sources */,
				BFB6D47219BA4342004CA11B /* SENAPIAccountSpec.m in Sources */,
				8A9266A11A5CC11F00D908EC /* SENSoundSpec.m in Sources */,
				8AF2CFD619B63A1D00D09600 /* SENSleepResultSpec.m in Sources */,
				8AB29B7E196DC8C0004BE34E /* SENSensorSpec.m in Sources */,
				BF1E2E661A01AE6400DDD0D0 /* SENAPITimeZoneSpec.m in Sources */,
				BF5E444819ACEF6D00278A2F /* SENSenseManagerSpec.m in Sources */,
				8A37BCC51A66E7C8007CDE44 /* SENTrendDataPointSpec.m in Sources */,
				BF0E53971A327F76002FB083 /* SENServiceAccountSpec.m in Sources */,
				BF17A19F19C3C8B500C4B6CA /* SENAPIQuestionsSpec.m in Sources */,
				8A28CB0419CC983C0044A27D /* SENAPINotificationSpec.m in Sources */,
				BF98FC331A96922D00AEC04C /* SENLocalPreferencesSpec.m in Sources */,
				8A9266971A5741CF00D908EC /* SENAPIRoomSpec.m in Sources */,
				8A22235219B66A4700C3480D /* SENSleepResultSegmentSpec.m in Sources */,
				BF1E2E791A031DF900DDD0D0 /* SENAPIInsightSpec.m in Sources */,
				8AB29B7D196DC8C0004BE34E /* SENAlarmSpec.m in Sources */,
				8ABA8A2D1A85A6BF00E8B51F /* SENInsightSpec.m in Sources */,
				BF05C8F71A3BA262002A1307 /* SENAnalyticsLoggerSpec.m in Sources */,
				BF05C8DE1A392032002A1307 /* SENSenseSpec.m in Sources */,
				BF8E1A951A6893F1009E421F /* SENPreferenceSpec.m in Sources */,
				BFF03EC61A533D1E00BD65D4 /* SENServiceDeviceSpec.m in Sources */,
				8A37BCC31A66DDEF007CDE44 /* SENTrendSpec.m in Sources */,
				8A380D0B19C3930B009D94BE /* SENAPIClientSpec.m in Sources */,
				BF17A1A219C3C92300C4B6CA /* SENServiceQuestionsSpec.m in Sources */,
				8A6659D819DCD35F00C88E9B /* SENAPIAlarmsSpec.m in Sources */,
				8AE8BD711A85ACD0009E257B /* SENInsightInfoSpec.m in Sources */,
				8A32B1B61A328F3900061C76 /* SENAPIFeedbackSpec.m in Sources */,
				BF8E1A981A6898CD009E421F /* SENAPIPreferenceSpec.m in Sources */,
				8A5313B81A6704AA003948E5 /* SENAPITrendsSpec.m in Sources */,
				8A4B669719ED9CE900445883 /* SENSleepResultSensorInsightSpec.m in Sources */,
				8A46E46919D49803005E784E /* SENAuthorizationServiceSpec.m in Sources */,
			);
			runOnlyForDeploymentPostprocessing = 0;
		};
/* End PBXSourcesBuildPhase section */

/* Begin PBXTargetDependency section */
		6003F5B4195388D20070C39A /* PBXTargetDependency */ = {
			isa = PBXTargetDependency;
			target = 6003F589195388D20070C39A /* SenseKit */;
			targetProxy = 6003F5B3195388D20070C39A /* PBXContainerItemProxy */;
		};
/* End PBXTargetDependency section */

/* Begin PBXVariantGroup section */
		6003F596195388D20070C39A /* InfoPlist.strings */ = {
			isa = PBXVariantGroup;
			children = (
				6003F597195388D20070C39A /* en */,
			);
			name = InfoPlist.strings;
			sourceTree = "<group>";
		};
		6003F59F195388D20070C39A /* Main_iPhone.storyboard */ = {
			isa = PBXVariantGroup;
			children = (
				6003F5A0195388D20070C39A /* Base */,
			);
			name = Main_iPhone.storyboard;
			sourceTree = "<group>";
		};
		6003F5A2195388D20070C39A /* Main_iPad.storyboard */ = {
			isa = PBXVariantGroup;
			children = (
				6003F5A3195388D20070C39A /* Base */,
			);
			name = Main_iPad.storyboard;
			sourceTree = "<group>";
		};
		6003F5B8195388D20070C39A /* InfoPlist.strings */ = {
			isa = PBXVariantGroup;
			children = (
				6003F5B9195388D20070C39A /* en */,
			);
			name = InfoPlist.strings;
			sourceTree = "<group>";
		};
/* End PBXVariantGroup section */

/* Begin XCBuildConfiguration section */
		6003F5BD195388D20070C39A /* Debug */ = {
			isa = XCBuildConfiguration;
			buildSettings = {
				ALWAYS_SEARCH_USER_PATHS = NO;
				CLANG_CXX_LANGUAGE_STANDARD = "gnu++0x";
				CLANG_CXX_LIBRARY = "libc++";
				CLANG_ENABLE_MODULES = YES;
				CLANG_ENABLE_OBJC_ARC = YES;
				CLANG_WARN_BOOL_CONVERSION = YES;
				CLANG_WARN_CONSTANT_CONVERSION = YES;
				CLANG_WARN_DIRECT_OBJC_ISA_USAGE = YES_ERROR;
				CLANG_WARN_EMPTY_BODY = YES;
				CLANG_WARN_ENUM_CONVERSION = YES;
				CLANG_WARN_INT_CONVERSION = YES;
				CLANG_WARN_OBJC_ROOT_CLASS = YES_ERROR;
				CLANG_WARN__DUPLICATE_METHOD_MATCH = YES;
				"CODE_SIGN_IDENTITY[sdk=iphoneos*]" = "iPhone Developer";
				COPY_PHASE_STRIP = NO;
				GCC_C_LANGUAGE_STANDARD = gnu99;
				GCC_DYNAMIC_NO_PIC = NO;
				GCC_OPTIMIZATION_LEVEL = 0;
				GCC_PREPROCESSOR_DEFINITIONS = (
					"DEBUG=1",
					"$(inherited)",
				);
				GCC_SYMBOLS_PRIVATE_EXTERN = NO;
				GCC_WARN_64_TO_32_BIT_CONVERSION = YES;
				GCC_WARN_ABOUT_RETURN_TYPE = YES_ERROR;
				GCC_WARN_UNDECLARED_SELECTOR = YES;
				GCC_WARN_UNINITIALIZED_AUTOS = YES_AGGRESSIVE;
				GCC_WARN_UNUSED_FUNCTION = YES;
				GCC_WARN_UNUSED_VARIABLE = YES;
				IPHONEOS_DEPLOYMENT_TARGET = 7.1;
				ONLY_ACTIVE_ARCH = YES;
				SDKROOT = iphoneos;
				TARGETED_DEVICE_FAMILY = "1,2";
			};
			name = Debug;
		};
		6003F5BE195388D20070C39A /* Release */ = {
			isa = XCBuildConfiguration;
			buildSettings = {
				ALWAYS_SEARCH_USER_PATHS = NO;
				CLANG_CXX_LANGUAGE_STANDARD = "gnu++0x";
				CLANG_CXX_LIBRARY = "libc++";
				CLANG_ENABLE_MODULES = YES;
				CLANG_ENABLE_OBJC_ARC = YES;
				CLANG_WARN_BOOL_CONVERSION = YES;
				CLANG_WARN_CONSTANT_CONVERSION = YES;
				CLANG_WARN_DIRECT_OBJC_ISA_USAGE = YES_ERROR;
				CLANG_WARN_EMPTY_BODY = YES;
				CLANG_WARN_ENUM_CONVERSION = YES;
				CLANG_WARN_INT_CONVERSION = YES;
				CLANG_WARN_OBJC_ROOT_CLASS = YES_ERROR;
				CLANG_WARN__DUPLICATE_METHOD_MATCH = YES;
				"CODE_SIGN_IDENTITY[sdk=iphoneos*]" = "iPhone Developer";
				COPY_PHASE_STRIP = YES;
				ENABLE_NS_ASSERTIONS = NO;
				GCC_C_LANGUAGE_STANDARD = gnu99;
				GCC_WARN_64_TO_32_BIT_CONVERSION = YES;
				GCC_WARN_ABOUT_RETURN_TYPE = YES_ERROR;
				GCC_WARN_UNDECLARED_SELECTOR = YES;
				GCC_WARN_UNINITIALIZED_AUTOS = YES_AGGRESSIVE;
				GCC_WARN_UNUSED_FUNCTION = YES;
				GCC_WARN_UNUSED_VARIABLE = YES;
				IPHONEOS_DEPLOYMENT_TARGET = 7.1;
				SDKROOT = iphoneos;
				TARGETED_DEVICE_FAMILY = "1,2";
				VALIDATE_PRODUCT = YES;
			};
			name = Release;
		};
		6003F5C0195388D20070C39A /* Debug */ = {
			isa = XCBuildConfiguration;
			baseConfigurationReference = 39E5A7A07011C17416A7F75A /* Pods.debug.xcconfig */;
			buildSettings = {
				ASSETCATALOG_COMPILER_APPICON_NAME = AppIcon;
				ASSETCATALOG_COMPILER_LAUNCHIMAGE_NAME = LaunchImage;
				CODE_SIGN_ENTITLEMENTS = SenseKit/SenseKit.entitlements;
				CODE_SIGN_IDENTITY = "iPhone Developer";
				"CODE_SIGN_IDENTITY[sdk=iphoneos*]" = "iPhone Developer";
				GCC_PRECOMPILE_PREFIX_HEADER = YES;
				GCC_PREFIX_HEADER = "SenseKit/SenseKit-Prefix.pch";
				INFOPLIST_FILE = "SenseKit/SenseKit-Info.plist";
				PRODUCT_NAME = "$(TARGET_NAME)";
				PROVISIONING_PROFILE = "";
				WRAPPER_EXTENSION = app;
			};
			name = Debug;
		};
		6003F5C1195388D20070C39A /* Release */ = {
			isa = XCBuildConfiguration;
			baseConfigurationReference = BAAB663FB4ACE7276D1DDFDA /* Pods.release.xcconfig */;
			buildSettings = {
				ASSETCATALOG_COMPILER_APPICON_NAME = AppIcon;
				ASSETCATALOG_COMPILER_LAUNCHIMAGE_NAME = LaunchImage;
				CODE_SIGN_ENTITLEMENTS = SenseKit/SenseKit.entitlements;
				CODE_SIGN_IDENTITY = "iPhone Developer";
				"CODE_SIGN_IDENTITY[sdk=iphoneos*]" = "iPhone Developer";
				GCC_PRECOMPILE_PREFIX_HEADER = YES;
				GCC_PREFIX_HEADER = "SenseKit/SenseKit-Prefix.pch";
				INFOPLIST_FILE = "SenseKit/SenseKit-Info.plist";
				PRODUCT_NAME = "$(TARGET_NAME)";
				PROVISIONING_PROFILE = "";
				WRAPPER_EXTENSION = app;
			};
			name = Release;
		};
		6003F5C3195388D20070C39A /* Debug */ = {
			isa = XCBuildConfiguration;
			baseConfigurationReference = 8013CA089045778381E1681D /* Pods-Tests.debug.xcconfig */;
			buildSettings = {
				BUNDLE_LOADER = "$(BUILT_PRODUCTS_DIR)/SenseKit.app/SenseKit";
				CODE_SIGN_IDENTITY = "iPhone Developer";
				FRAMEWORK_SEARCH_PATHS = (
					"$(SDKROOT)/Developer/Library/Frameworks",
					"$(inherited)",
					"$(DEVELOPER_FRAMEWORKS_DIR)",
					"$(PLATFORM_DIR)/Developer/Library/Frameworks",
				);
				GCC_PRECOMPILE_PREFIX_HEADER = YES;
				GCC_PREFIX_HEADER = "Tests/Tests-Prefix.pch";
				GCC_PREPROCESSOR_DEFINITIONS = (
					"DEBUG=1",
					"$(inherited)",
				);
				INFOPLIST_FILE = "Tests/Tests-Info.plist";
				PRODUCT_NAME = "$(TARGET_NAME)";
				TEST_HOST = "$(BUNDLE_LOADER)";
				WRAPPER_EXTENSION = xctest;
			};
			name = Debug;
		};
		6003F5C4195388D20070C39A /* Release */ = {
			isa = XCBuildConfiguration;
			baseConfigurationReference = 432A2FAB43091C8DA6D72BA9 /* Pods-Tests.release.xcconfig */;
			buildSettings = {
				BUNDLE_LOADER = "$(BUILT_PRODUCTS_DIR)/SenseKit.app/SenseKit";
				CODE_SIGN_IDENTITY = "iPhone Developer";
				FRAMEWORK_SEARCH_PATHS = (
					"$(SDKROOT)/Developer/Library/Frameworks",
					"$(inherited)",
					"$(DEVELOPER_FRAMEWORKS_DIR)",
					"$(PLATFORM_DIR)/Developer/Library/Frameworks",
				);
				GCC_PRECOMPILE_PREFIX_HEADER = YES;
				GCC_PREFIX_HEADER = "Tests/Tests-Prefix.pch";
				INFOPLIST_FILE = "Tests/Tests-Info.plist";
				PRODUCT_NAME = "$(TARGET_NAME)";
				TEST_HOST = "$(BUNDLE_LOADER)";
				WRAPPER_EXTENSION = xctest;
			};
			name = Release;
		};
/* End XCBuildConfiguration section */

/* Begin XCConfigurationList section */
		6003F585195388D10070C39A /* Build configuration list for PBXProject "SenseKit" */ = {
			isa = XCConfigurationList;
			buildConfigurations = (
				6003F5BD195388D20070C39A /* Debug */,
				6003F5BE195388D20070C39A /* Release */,
			);
			defaultConfigurationIsVisible = 0;
			defaultConfigurationName = Release;
		};
		6003F5BF195388D20070C39A /* Build configuration list for PBXNativeTarget "SenseKit" */ = {
			isa = XCConfigurationList;
			buildConfigurations = (
				6003F5C0195388D20070C39A /* Debug */,
				6003F5C1195388D20070C39A /* Release */,
			);
			defaultConfigurationIsVisible = 0;
			defaultConfigurationName = Release;
		};
		6003F5C2195388D20070C39A /* Build configuration list for PBXNativeTarget "Tests" */ = {
			isa = XCConfigurationList;
			buildConfigurations = (
				6003F5C3195388D20070C39A /* Debug */,
				6003F5C4195388D20070C39A /* Release */,
			);
			defaultConfigurationIsVisible = 0;
			defaultConfigurationName = Release;
		};
/* End XCConfigurationList section */
	};
	rootObject = 6003F582195388D10070C39A /* Project object */;
}
