// !$*UTF8*$!
{
	archiveVersion = 1;
	classes = {
	};
	objectVersion = 46;
	objects = {

/* Begin PBXBuildFile section */
		0C29C79893EE2DFDD52FA8D7 /* Pods_Tests.framework in Frameworks */ = {isa = PBXBuildFile; fileRef = B59C242C1C364E589AE5DB72 /* Pods_Tests.framework */; };
		6003F58E195388D20070C39A /* Foundation.framework in Frameworks */ = {isa = PBXBuildFile; fileRef = 6003F58D195388D20070C39A /* Foundation.framework */; };
		6003F590195388D20070C39A /* CoreGraphics.framework in Frameworks */ = {isa = PBXBuildFile; fileRef = 6003F58F195388D20070C39A /* CoreGraphics.framework */; };
		6003F592195388D20070C39A /* UIKit.framework in Frameworks */ = {isa = PBXBuildFile; fileRef = 6003F591195388D20070C39A /* UIKit.framework */; };
		6003F598195388D20070C39A /* InfoPlist.strings in Resources */ = {isa = PBXBuildFile; fileRef = 6003F596195388D20070C39A /* InfoPlist.strings */; };
		6003F59A195388D20070C39A /* main.m in Sources */ = {isa = PBXBuildFile; fileRef = 6003F599195388D20070C39A /* main.m */; };
		6003F59E195388D20070C39A /* SENAppDelegate.m in Sources */ = {isa = PBXBuildFile; fileRef = 6003F59D195388D20070C39A /* SENAppDelegate.m */; };
		6003F5A1195388D20070C39A /* Main_iPhone.storyboard in Resources */ = {isa = PBXBuildFile; fileRef = 6003F59F195388D20070C39A /* Main_iPhone.storyboard */; };
		6003F5A4195388D20070C39A /* Main_iPad.storyboard in Resources */ = {isa = PBXBuildFile; fileRef = 6003F5A2195388D20070C39A /* Main_iPad.storyboard */; };
		6003F5A7195388D20070C39A /* SENViewController.m in Sources */ = {isa = PBXBuildFile; fileRef = 6003F5A6195388D20070C39A /* SENViewController.m */; };
		6003F5A9195388D20070C39A /* Images.xcassets in Resources */ = {isa = PBXBuildFile; fileRef = 6003F5A8195388D20070C39A /* Images.xcassets */; };
		6003F5B1195388D20070C39A /* Foundation.framework in Frameworks */ = {isa = PBXBuildFile; fileRef = 6003F58D195388D20070C39A /* Foundation.framework */; };
		6003F5B2195388D20070C39A /* UIKit.framework in Frameworks */ = {isa = PBXBuildFile; fileRef = 6003F591195388D20070C39A /* UIKit.framework */; };
		6003F5BA195388D20070C39A /* InfoPlist.strings in Resources */ = {isa = PBXBuildFile; fileRef = 6003F5B8195388D20070C39A /* InfoPlist.strings */; };
		8A22235219B66A4700C3480D /* SENTimelineSegmentSpec.m in Sources */ = {isa = PBXBuildFile; fileRef = 8A22235119B66A4700C3480D /* SENTimelineSegmentSpec.m */; };
		8A28CB0419CC983C0044A27D /* SENAPINotificationSpec.m in Sources */ = {isa = PBXBuildFile; fileRef = 8A28CB0319CC983C0044A27D /* SENAPINotificationSpec.m */; };
		8A380D0B19C3930B009D94BE /* SENAPIClientSpec.m in Sources */ = {isa = PBXBuildFile; fileRef = 8A380D0A19C3930B009D94BE /* SENAPIClientSpec.m */; };
		8A45E66E1A819FBB0038AA7A /* SENTimelineMetricSpec.m in Sources */ = {isa = PBXBuildFile; fileRef = 8A45E66D1A819FBB0038AA7A /* SENTimelineMetricSpec.m */; };
		8A46E46919D49803005E784E /* SENAuthorizationServiceSpec.m in Sources */ = {isa = PBXBuildFile; fileRef = 8A46E46819D49803005E784E /* SENAuthorizationServiceSpec.m */; };
		8A5313B81A6704AA003948E5 /* SENAPITrendsSpec.m in Sources */ = {isa = PBXBuildFile; fileRef = 8A5313B71A6704AA003948E5 /* SENAPITrendsSpec.m */; };
		8A6659D819DCD35F00C88E9B /* SENAPIAlarmsSpec.m in Sources */ = {isa = PBXBuildFile; fileRef = 8A6659D719DCD35F00C88E9B /* SENAPIAlarmsSpec.m */; };
		8A9266A11A5CC11F00D908EC /* SENSoundSpec.m in Sources */ = {isa = PBXBuildFile; fileRef = 8A9266A01A5CC11F00D908EC /* SENSoundSpec.m */; };
		8AB29B7D196DC8C0004BE34E /* SENAlarmSpec.m in Sources */ = {isa = PBXBuildFile; fileRef = 8AB29B7B196DC8C0004BE34E /* SENAlarmSpec.m */; };
		8ABA8A2D1A85A6BF00E8B51F /* SENInsightSpec.m in Sources */ = {isa = PBXBuildFile; fileRef = 8ABA8A2C1A85A6BF00E8B51F /* SENInsightSpec.m */; };
		8AE8BD711A85ACD0009E257B /* SENInsightInfoSpec.m in Sources */ = {isa = PBXBuildFile; fileRef = 8AE8BD701A85ACD0009E257B /* SENInsightInfoSpec.m */; };
		8AF2CFD619B63A1D00D09600 /* SENTimelineSpec.m in Sources */ = {isa = PBXBuildFile; fileRef = 8AF2CFD519B63A1D00D09600 /* SENTimelineSpec.m */; };
		BF05C8DE1A392032002A1307 /* SENSenseSpec.m in Sources */ = {isa = PBXBuildFile; fileRef = BF05C8DD1A392032002A1307 /* SENSenseSpec.m */; };
		BF0871C71E45190C00E57C8C /* SENNotificationSettingSpec.m in Sources */ = {isa = PBXBuildFile; fileRef = BF0871C61E45190C00E57C8C /* SENNotificationSettingSpec.m */; };
		BF17A19F19C3C8B500C4B6CA /* SENAPIQuestionsSpec.m in Sources */ = {isa = PBXBuildFile; fileRef = BF17A19E19C3C8B500C4B6CA /* SENAPIQuestionsSpec.m */; };
		BF1E2E661A01AE6400DDD0D0 /* SENAPITimeZoneSpec.m in Sources */ = {isa = PBXBuildFile; fileRef = BF1E2E651A01AE6400DDD0D0 /* SENAPITimeZoneSpec.m */; };
		BF1E2E791A031DF900DDD0D0 /* SENAPIInsightSpec.m in Sources */ = {isa = PBXBuildFile; fileRef = BF1E2E781A031DF900DDD0D0 /* SENAPIInsightSpec.m */; };
		BF238DDD1D19F76600F6E62C /* SENAPIShareSpec.m in Sources */ = {isa = PBXBuildFile; fileRef = BF238DDC1D19F76600F6E62C /* SENAPIShareSpec.m */; };
		BF539CC91C0E2B46000F77AA /* SENPillMetadataSpec.m in Sources */ = {isa = PBXBuildFile; fileRef = BF539CC81C0E2B46000F77AA /* SENPillMetadataSpec.m */; };
		BF55D8741CA35B3300379FBF /* SENAPISleepSoundsSpec.m in Sources */ = {isa = PBXBuildFile; fileRef = BF55D8731CA35B3300379FBF /* SENAPISleepSoundsSpec.m */; };
		BF55D8761CA4716B00379FBF /* SENSleepSoundsSpec.m in Sources */ = {isa = PBXBuildFile; fileRef = BF55D8751CA4716B00379FBF /* SENSleepSoundsSpec.m */; };
		BF55D8781CA4750100379FBF /* SENSleepSoundDurationsSpec.m in Sources */ = {isa = PBXBuildFile; fileRef = BF55D8771CA4750100379FBF /* SENSleepSoundDurationsSpec.m */; };
		BF5E444819ACEF6D00278A2F /* SENSenseManagerSpec.m in Sources */ = {isa = PBXBuildFile; fileRef = BF5E444719ACEF6D00278A2F /* SENSenseManagerSpec.m */; };
		BF6098811D4ACC8C0005C8F0 /* SENAPISpeechSpec.m in Sources */ = {isa = PBXBuildFile; fileRef = BF6098801D4ACC8C0005C8F0 /* SENAPISpeechSpec.m */; };
		BF658A451B3C9280003DDF0F /* SENAPISupportSpec.m in Sources */ = {isa = PBXBuildFile; fileRef = BF658A441B3C9280003DDF0F /* SENAPISupportSpec.m */; };
		BF8339821C0FAF5600BFD0F4 /* SENRemoteImageSpec.m in Sources */ = {isa = PBXBuildFile; fileRef = BF8339811C0FAF5600BFD0F4 /* SENRemoteImageSpec.m */; };
		BF87232F1DB85A5E0040D091 /* SENSenseVoiceSettingsSpec.m in Sources */ = {isa = PBXBuildFile; fileRef = BF87232E1DB85A5E0040D091 /* SENSenseVoiceSettingsSpec.m */; };
		BF8E1A951A6893F1009E421F /* SENPreferenceSpec.m in Sources */ = {isa = PBXBuildFile; fileRef = BF8E1A941A6893F1009E421F /* SENPreferenceSpec.m */; };
		BF8E1A981A6898CD009E421F /* SENAPIPreferenceSpec.m in Sources */ = {isa = PBXBuildFile; fileRef = BF8E1A971A6898CD009E421F /* SENAPIPreferenceSpec.m */; };
		BF9450A71BBF3E7800BA0023 /* SENAPIAppStatsSpecs.m in Sources */ = {isa = PBXBuildFile; fileRef = BF9450A61BBF3E7800BA0023 /* SENAPIAppStatsSpecs.m */; };
		BF98FC331A96922D00AEC04C /* SENLocalPreferencesSpec.m in Sources */ = {isa = PBXBuildFile; fileRef = BF98FC321A96922D00AEC04C /* SENLocalPreferencesSpec.m */; };
		BFB6D47219BA4342004CA11B /* SENAPIAccountSpec.m in Sources */ = {isa = PBXBuildFile; fileRef = BFB6D47119BA4342004CA11B /* SENAPIAccountSpec.m */; };
		BFB7C3AA1B6072CC001A6280 /* SENSenseWiFiStatusSpec.m in Sources */ = {isa = PBXBuildFile; fileRef = BFB7C3A91B6072CC001A6280 /* SENSenseWiFiStatusSpec.m */; };
		BFB9898A1D78AA470042D527 /* SENAPISensorSpec.m in Sources */ = {isa = PBXBuildFile; fileRef = BFB989891D78AA470042D527 /* SENAPISensorSpec.m */; };
		BFC4C2071B8E670500BB7761 /* SENAPIAppFeedbackSpec.m in Sources */ = {isa = PBXBuildFile; fileRef = BFC4C2061B8E670500BB7761 /* SENAPIAppFeedbackSpec.m */; };
		BFCD7E9E19D4DF4A004AE99D /* SENAPIDeviceSpec.m in Sources */ = {isa = PBXBuildFile; fileRef = BFCD7E9C19D4DF4A004AE99D /* SENAPIDeviceSpec.m */; };
		BFD7E7991D9B25CB007DB6E4 /* SENAPIExpansionSpec.m in Sources */ = {isa = PBXBuildFile; fileRef = BFD7E7981D9B25CB007DB6E4 /* SENAPIExpansionSpec.m */; };
		BFE375F71CF385620029EE66 /* SENAPIPhotoSpec.m in Sources */ = {isa = PBXBuildFile; fileRef = BFE375F61CF385620029EE66 /* SENAPIPhotoSpec.m */; };
		BFEB68581B3A663E002E8524 /* SENAccountSpec.m in Sources */ = {isa = PBXBuildFile; fileRef = BFEB68571B3A663E002E8524 /* SENAccountSpec.m */; };
		BFEB685A1B3A6EA9002E8524 /* SENAPITimelineSpec.m in Sources */ = {isa = PBXBuildFile; fileRef = BFEB68591B3A6EA9002E8524 /* SENAPITimelineSpec.m */; };
		BFF03EC61A533D1E00BD65D4 /* SENServiceDeviceSpec.m in Sources */ = {isa = PBXBuildFile; fileRef = BFF03EC51A533D1E00BD65D4 /* SENServiceDeviceSpec.m */; };
		BFFDC1111DD2A310008F001B /* SENAPISystemAlertsSpec.m in Sources */ = {isa = PBXBuildFile; fileRef = BFFDC1101DD2A310008F001B /* SENAPISystemAlertsSpec.m */; };
		E042D2EE7479D25EAD46E33F /* Pods_SenseKit.framework in Frameworks */ = {isa = PBXBuildFile; fileRef = AA170249670A6D10850A269E /* Pods_SenseKit.framework */; };
/* End PBXBuildFile section */

/* Begin PBXContainerItemProxy section */
		6003F5B3195388D20070C39A /* PBXContainerItemProxy */ = {
			isa = PBXContainerItemProxy;
			containerPortal = 6003F582195388D10070C39A /* Project object */;
			proxyType = 1;
			remoteGlobalIDString = 6003F589195388D20070C39A;
			remoteInfo = SenseKit;
		};
/* End PBXContainerItemProxy section */

/* Begin PBXFileReference section */
		07DF2A7DB2E33DD9C807733D /* Pods-SenseKit.debug.xcconfig */ = {isa = PBXFileReference; includeInIndex = 1; lastKnownFileType = text.xcconfig; name = "Pods-SenseKit.debug.xcconfig"; path = "Pods/Target Support Files/Pods-SenseKit/Pods-SenseKit.debug.xcconfig"; sourceTree = "<group>"; };
		3EFFC0E78CD7DD9E59C8F6D9 /* Pods-SenseKit.release.xcconfig */ = {isa = PBXFileReference; includeInIndex = 1; lastKnownFileType = text.xcconfig; name = "Pods-SenseKit.release.xcconfig"; path = "Pods/Target Support Files/Pods-SenseKit/Pods-SenseKit.release.xcconfig"; sourceTree = "<group>"; };
		6003F58A195388D20070C39A /* SenseKit.app */ = {isa = PBXFileReference; explicitFileType = wrapper.application; includeInIndex = 0; path = SenseKit.app; sourceTree = BUILT_PRODUCTS_DIR; };
		6003F58D195388D20070C39A /* Foundation.framework */ = {isa = PBXFileReference; lastKnownFileType = wrapper.framework; name = Foundation.framework; path = System/Library/Frameworks/Foundation.framework; sourceTree = SDKROOT; };
		6003F58F195388D20070C39A /* CoreGraphics.framework */ = {isa = PBXFileReference; lastKnownFileType = wrapper.framework; name = CoreGraphics.framework; path = System/Library/Frameworks/CoreGraphics.framework; sourceTree = SDKROOT; };
		6003F591195388D20070C39A /* UIKit.framework */ = {isa = PBXFileReference; lastKnownFileType = wrapper.framework; name = UIKit.framework; path = System/Library/Frameworks/UIKit.framework; sourceTree = SDKROOT; };
		6003F595195388D20070C39A /* SenseKit-Info.plist */ = {isa = PBXFileReference; lastKnownFileType = text.plist.xml; path = "SenseKit-Info.plist"; sourceTree = "<group>"; };
		6003F597195388D20070C39A /* en */ = {isa = PBXFileReference; lastKnownFileType = text.plist.strings; name = en; path = en.lproj/InfoPlist.strings; sourceTree = "<group>"; };
		6003F599195388D20070C39A /* main.m */ = {isa = PBXFileReference; lastKnownFileType = sourcecode.c.objc; path = main.m; sourceTree = "<group>"; };
		6003F59B195388D20070C39A /* SenseKit-Prefix.pch */ = {isa = PBXFileReference; lastKnownFileType = sourcecode.c.h; path = "SenseKit-Prefix.pch"; sourceTree = "<group>"; };
		6003F59C195388D20070C39A /* SENAppDelegate.h */ = {isa = PBXFileReference; lastKnownFileType = sourcecode.c.h; path = SENAppDelegate.h; sourceTree = "<group>"; };
		6003F59D195388D20070C39A /* SENAppDelegate.m */ = {isa = PBXFileReference; lastKnownFileType = sourcecode.c.objc; path = SENAppDelegate.m; sourceTree = "<group>"; };
		6003F5A0195388D20070C39A /* Base */ = {isa = PBXFileReference; lastKnownFileType = file.storyboard; name = Base; path = Base.lproj/Main_iPhone.storyboard; sourceTree = "<group>"; };
		6003F5A3195388D20070C39A /* Base */ = {isa = PBXFileReference; lastKnownFileType = file.storyboard; name = Base; path = Base.lproj/Main_iPad.storyboard; sourceTree = "<group>"; };
		6003F5A5195388D20070C39A /* SENViewController.h */ = {isa = PBXFileReference; lastKnownFileType = sourcecode.c.h; path = SENViewController.h; sourceTree = "<group>"; };
		6003F5A6195388D20070C39A /* SENViewController.m */ = {isa = PBXFileReference; lastKnownFileType = sourcecode.c.objc; path = SENViewController.m; sourceTree = "<group>"; };
		6003F5A8195388D20070C39A /* Images.xcassets */ = {isa = PBXFileReference; lastKnownFileType = folder.assetcatalog; path = Images.xcassets; sourceTree = "<group>"; };
		6003F5AE195388D20070C39A /* Tests.xctest */ = {isa = PBXFileReference; explicitFileType = wrapper.cfbundle; includeInIndex = 0; path = Tests.xctest; sourceTree = BUILT_PRODUCTS_DIR; };
		6003F5B7195388D20070C39A /* Tests-Info.plist */ = {isa = PBXFileReference; lastKnownFileType = text.plist.xml; path = "Tests-Info.plist"; sourceTree = "<group>"; };
		6003F5B9195388D20070C39A /* en */ = {isa = PBXFileReference; lastKnownFileType = text.plist.strings; name = en; path = en.lproj/InfoPlist.strings; sourceTree = "<group>"; };
		606FC2411953D9B200FFA9A0 /* Tests-Prefix.pch */ = {isa = PBXFileReference; lastKnownFileType = sourcecode.c.h; path = "Tests-Prefix.pch"; sourceTree = "<group>"; };
		7947F1071D0449D58162C4F5 /* README.md */ = {isa = PBXFileReference; includeInIndex = 1; lastKnownFileType = text; name = README.md; path = ../README.md; sourceTree = "<group>"; };
		8A22235119B66A4700C3480D /* SENTimelineSegmentSpec.m */ = {isa = PBXFileReference; fileEncoding = 4; lastKnownFileType = sourcecode.c.objc; path = SENTimelineSegmentSpec.m; sourceTree = "<group>"; };
		8A28CB0319CC983C0044A27D /* SENAPINotificationSpec.m */ = {isa = PBXFileReference; fileEncoding = 4; lastKnownFileType = sourcecode.c.objc; lineEnding = 0; path = SENAPINotificationSpec.m; sourceTree = "<group>"; xcLanguageSpecificationIdentifier = xcode.lang.objc; };
		8A380D0A19C3930B009D94BE /* SENAPIClientSpec.m */ = {isa = PBXFileReference; fileEncoding = 4; lastKnownFileType = sourcecode.c.objc; path = SENAPIClientSpec.m; sourceTree = "<group>"; };
		8A4152BB1BB9BE2200413DCF /* libresolv.tbd */ = {isa = PBXFileReference; lastKnownFileType = "sourcecode.text-based-dylib-definition"; name = libresolv.tbd; path = usr/lib/libresolv.tbd; sourceTree = SDKROOT; };
		8A45E66D1A819FBB0038AA7A /* SENTimelineMetricSpec.m */ = {isa = PBXFileReference; fileEncoding = 4; lastKnownFileType = sourcecode.c.objc; path = SENTimelineMetricSpec.m; sourceTree = "<group>"; };
		8A46E46819D49803005E784E /* SENAuthorizationServiceSpec.m */ = {isa = PBXFileReference; fileEncoding = 4; lastKnownFileType = sourcecode.c.objc; path = SENAuthorizationServiceSpec.m; sourceTree = "<group>"; };
		8A5313B71A6704AA003948E5 /* SENAPITrendsSpec.m */ = {isa = PBXFileReference; fileEncoding = 4; lastKnownFileType = sourcecode.c.objc; path = SENAPITrendsSpec.m; sourceTree = "<group>"; };
		8A6659D719DCD35F00C88E9B /* SENAPIAlarmsSpec.m */ = {isa = PBXFileReference; fileEncoding = 4; lastKnownFileType = sourcecode.c.objc; path = SENAPIAlarmsSpec.m; sourceTree = "<group>"; };
		8A9266A01A5CC11F00D908EC /* SENSoundSpec.m */ = {isa = PBXFileReference; fileEncoding = 4; lastKnownFileType = sourcecode.c.objc; path = SENSoundSpec.m; sourceTree = "<group>"; };
		8AB29B7B196DC8C0004BE34E /* SENAlarmSpec.m */ = {isa = PBXFileReference; fileEncoding = 4; lastKnownFileType = sourcecode.c.objc; path = SENAlarmSpec.m; sourceTree = "<group>"; };
		8AB29B7F196DFD8C004BE34E /* Makefile */ = {isa = PBXFileReference; fileEncoding = 4; lastKnownFileType = sourcecode.make; name = Makefile; path = ../Makefile; sourceTree = "<group>"; };
		8ABA8A2C1A85A6BF00E8B51F /* SENInsightSpec.m */ = {isa = PBXFileReference; fileEncoding = 4; lastKnownFileType = sourcecode.c.objc; path = SENInsightSpec.m; sourceTree = "<group>"; };
		8AE8BD701A85ACD0009E257B /* SENInsightInfoSpec.m */ = {isa = PBXFileReference; fileEncoding = 4; lastKnownFileType = sourcecode.c.objc; path = SENInsightInfoSpec.m; sourceTree = "<group>"; };
		8AF2CFD519B63A1D00D09600 /* SENTimelineSpec.m */ = {isa = PBXFileReference; fileEncoding = 4; lastKnownFileType = sourcecode.c.objc; path = SENTimelineSpec.m; sourceTree = "<group>"; };
		AA170249670A6D10850A269E /* Pods_SenseKit.framework */ = {isa = PBXFileReference; explicitFileType = wrapper.framework; includeInIndex = 0; path = Pods_SenseKit.framework; sourceTree = BUILT_PRODUCTS_DIR; };
		B59C242C1C364E589AE5DB72 /* Pods_Tests.framework */ = {isa = PBXFileReference; explicitFileType = wrapper.framework; includeInIndex = 0; path = Pods_Tests.framework; sourceTree = BUILT_PRODUCTS_DIR; };
		BF05C8DD1A392032002A1307 /* SENSenseSpec.m */ = {isa = PBXFileReference; fileEncoding = 4; lastKnownFileType = sourcecode.c.objc; path = SENSenseSpec.m; sourceTree = "<group>"; };
		BF0871C61E45190C00E57C8C /* SENNotificationSettingSpec.m */ = {isa = PBXFileReference; fileEncoding = 4; lastKnownFileType = sourcecode.c.objc; path = SENNotificationSettingSpec.m; sourceTree = "<group>"; };
		BF17A19E19C3C8B500C4B6CA /* SENAPIQuestionsSpec.m */ = {isa = PBXFileReference; fileEncoding = 4; lastKnownFileType = sourcecode.c.objc; lineEnding = 0; path = SENAPIQuestionsSpec.m; sourceTree = "<group>"; xcLanguageSpecificationIdentifier = xcode.lang.objc; };
		BF1E2E651A01AE6400DDD0D0 /* SENAPITimeZoneSpec.m */ = {isa = PBXFileReference; fileEncoding = 4; lastKnownFileType = sourcecode.c.objc; lineEnding = 0; path = SENAPITimeZoneSpec.m; sourceTree = "<group>"; xcLanguageSpecificationIdentifier = xcode.lang.objc; };
		BF1E2E781A031DF900DDD0D0 /* SENAPIInsightSpec.m */ = {isa = PBXFileReference; fileEncoding = 4; lastKnownFileType = sourcecode.c.objc; lineEnding = 0; path = SENAPIInsightSpec.m; sourceTree = "<group>"; xcLanguageSpecificationIdentifier = xcode.lang.objc; };
		BF238DDC1D19F76600F6E62C /* SENAPIShareSpec.m */ = {isa = PBXFileReference; fileEncoding = 4; lastKnownFileType = sourcecode.c.objc; path = SENAPIShareSpec.m; sourceTree = "<group>"; };
		BF25061D19E4CA9900CD131A /* SenseKit.entitlements */ = {isa = PBXFileReference; lastKnownFileType = text.xml; path = SenseKit.entitlements; sourceTree = "<group>"; };
		BF539CC81C0E2B46000F77AA /* SENPillMetadataSpec.m */ = {isa = PBXFileReference; fileEncoding = 4; lastKnownFileType = sourcecode.c.objc; path = SENPillMetadataSpec.m; sourceTree = "<group>"; };
		BF55D8731CA35B3300379FBF /* SENAPISleepSoundsSpec.m */ = {isa = PBXFileReference; fileEncoding = 4; lastKnownFileType = sourcecode.c.objc; path = SENAPISleepSoundsSpec.m; sourceTree = "<group>"; };
		BF55D8751CA4716B00379FBF /* SENSleepSoundsSpec.m */ = {isa = PBXFileReference; fileEncoding = 4; lastKnownFileType = sourcecode.c.objc; path = SENSleepSoundsSpec.m; sourceTree = "<group>"; };
		BF55D8771CA4750100379FBF /* SENSleepSoundDurationsSpec.m */ = {isa = PBXFileReference; fileEncoding = 4; lastKnownFileType = sourcecode.c.objc; path = SENSleepSoundDurationsSpec.m; sourceTree = "<group>"; };
		BF5E444719ACEF6D00278A2F /* SENSenseManagerSpec.m */ = {isa = PBXFileReference; fileEncoding = 4; lastKnownFileType = sourcecode.c.objc; path = SENSenseManagerSpec.m; sourceTree = "<group>"; };
		BF6098801D4ACC8C0005C8F0 /* SENAPISpeechSpec.m */ = {isa = PBXFileReference; fileEncoding = 4; lastKnownFileType = sourcecode.c.objc; path = SENAPISpeechSpec.m; sourceTree = "<group>"; };
		BF658A441B3C9280003DDF0F /* SENAPISupportSpec.m */ = {isa = PBXFileReference; fileEncoding = 4; lastKnownFileType = sourcecode.c.objc; path = SENAPISupportSpec.m; sourceTree = "<group>"; };
		BF8339811C0FAF5600BFD0F4 /* SENRemoteImageSpec.m */ = {isa = PBXFileReference; fileEncoding = 4; lastKnownFileType = sourcecode.c.objc; path = SENRemoteImageSpec.m; sourceTree = "<group>"; };
		BF87232E1DB85A5E0040D091 /* SENSenseVoiceSettingsSpec.m */ = {isa = PBXFileReference; fileEncoding = 4; lastKnownFileType = sourcecode.c.objc; path = SENSenseVoiceSettingsSpec.m; sourceTree = "<group>"; };
		BF8E1A941A6893F1009E421F /* SENPreferenceSpec.m */ = {isa = PBXFileReference; fileEncoding = 4; lastKnownFileType = sourcecode.c.objc; path = SENPreferenceSpec.m; sourceTree = "<group>"; };
		BF8E1A971A6898CD009E421F /* SENAPIPreferenceSpec.m */ = {isa = PBXFileReference; fileEncoding = 4; lastKnownFileType = sourcecode.c.objc; path = SENAPIPreferenceSpec.m; sourceTree = "<group>"; };
		BF9450A61BBF3E7800BA0023 /* SENAPIAppStatsSpecs.m */ = {isa = PBXFileReference; fileEncoding = 4; lastKnownFileType = sourcecode.c.objc; path = SENAPIAppStatsSpecs.m; sourceTree = "<group>"; };
		BF98FC321A96922D00AEC04C /* SENLocalPreferencesSpec.m */ = {isa = PBXFileReference; fileEncoding = 4; lastKnownFileType = sourcecode.c.objc; path = SENLocalPreferencesSpec.m; sourceTree = "<group>"; };
		BFB6D47119BA4342004CA11B /* SENAPIAccountSpec.m */ = {isa = PBXFileReference; fileEncoding = 4; lastKnownFileType = sourcecode.c.objc; lineEnding = 0; path = SENAPIAccountSpec.m; sourceTree = "<group>"; xcLanguageSpecificationIdentifier = xcode.lang.objc; };
		BFB7C3A91B6072CC001A6280 /* SENSenseWiFiStatusSpec.m */ = {isa = PBXFileReference; fileEncoding = 4; lastKnownFileType = sourcecode.c.objc; path = SENSenseWiFiStatusSpec.m; sourceTree = "<group>"; };
		BFB989891D78AA470042D527 /* SENAPISensorSpec.m */ = {isa = PBXFileReference; fileEncoding = 4; lastKnownFileType = sourcecode.c.objc; path = SENAPISensorSpec.m; sourceTree = "<group>"; };
		BFBEE90A1D1882B1007A986B /* libPods-Tests.a */ = {isa = PBXFileReference; lastKnownFileType = archive.ar; name = "libPods-Tests.a"; path = "Pods/../build/Debug-iphoneos/libPods-Tests.a"; sourceTree = "<group>"; };
		BFBEE90C1D1882C1007A986B /* libPods-SenseKit.a */ = {isa = PBXFileReference; lastKnownFileType = archive.ar; name = "libPods-SenseKit.a"; path = "Pods/../build/Debug-iphoneos/libPods-SenseKit.a"; sourceTree = "<group>"; };
		BFBEE90E1D1882CE007A986B /* libPods-Tests.a */ = {isa = PBXFileReference; lastKnownFileType = archive.ar; name = "libPods-Tests.a"; path = "Pods/../build/Debug-iphoneos/libPods-Tests.a"; sourceTree = "<group>"; };
		BFC4C2061B8E670500BB7761 /* SENAPIAppFeedbackSpec.m */ = {isa = PBXFileReference; fileEncoding = 4; lastKnownFileType = sourcecode.c.objc; path = SENAPIAppFeedbackSpec.m; sourceTree = "<group>"; };
		BFCD7E9C19D4DF4A004AE99D /* SENAPIDeviceSpec.m */ = {isa = PBXFileReference; fileEncoding = 4; lastKnownFileType = sourcecode.c.objc; lineEnding = 0; path = SENAPIDeviceSpec.m; sourceTree = "<group>"; xcLanguageSpecificationIdentifier = xcode.lang.objc; };
		BFD7E7981D9B25CB007DB6E4 /* SENAPIExpansionSpec.m */ = {isa = PBXFileReference; fileEncoding = 4; lastKnownFileType = sourcecode.c.objc; path = SENAPIExpansionSpec.m; sourceTree = "<group>"; };
		BFE375F61CF385620029EE66 /* SENAPIPhotoSpec.m */ = {isa = PBXFileReference; fileEncoding = 4; lastKnownFileType = sourcecode.c.objc; path = SENAPIPhotoSpec.m; sourceTree = "<group>"; };
		BFEB68571B3A663E002E8524 /* SENAccountSpec.m */ = {isa = PBXFileReference; fileEncoding = 4; lastKnownFileType = sourcecode.c.objc; path = SENAccountSpec.m; sourceTree = "<group>"; };
		BFEB68591B3A6EA9002E8524 /* SENAPITimelineSpec.m */ = {isa = PBXFileReference; fileEncoding = 4; lastKnownFileType = sourcecode.c.objc; path = SENAPITimelineSpec.m; sourceTree = "<group>"; };
		BFF03EC51A533D1E00BD65D4 /* SENServiceDeviceSpec.m */ = {isa = PBXFileReference; fileEncoding = 4; lastKnownFileType = sourcecode.c.objc; path = SENServiceDeviceSpec.m; sourceTree = "<group>"; };
		BFFDC1101DD2A310008F001B /* SENAPISystemAlertsSpec.m */ = {isa = PBXFileReference; fileEncoding = 4; lastKnownFileType = sourcecode.c.objc; path = SENAPISystemAlertsSpec.m; sourceTree = "<group>"; };
		F2B50593D78847DE0CF6F828 /* Pods-Tests.debug.xcconfig */ = {isa = PBXFileReference; includeInIndex = 1; lastKnownFileType = text.xcconfig; name = "Pods-Tests.debug.xcconfig"; path = "Pods/Target Support Files/Pods-Tests/Pods-Tests.debug.xcconfig"; sourceTree = "<group>"; };
		F32F5390DA373CB6EE4F2F54 /* Pods-Tests.release.xcconfig */ = {isa = PBXFileReference; includeInIndex = 1; lastKnownFileType = text.xcconfig; name = "Pods-Tests.release.xcconfig"; path = "Pods/Target Support Files/Pods-Tests/Pods-Tests.release.xcconfig"; sourceTree = "<group>"; };
		F82AF0792F344A2BB71AFFAF /* SenseKit.podspec */ = {isa = PBXFileReference; explicitFileType = text.script.ruby; includeInIndex = 1; indentWidth = 2; name = SenseKit.podspec; path = ../SenseKit.podspec; sourceTree = "<group>"; tabWidth = 2; };
/* End PBXFileReference section */

/* Begin PBXFrameworksBuildPhase section */
		6003F587195388D20070C39A /* Frameworks */ = {
			isa = PBXFrameworksBuildPhase;
			buildActionMask = 2147483647;
			files = (
				6003F590195388D20070C39A /* CoreGraphics.framework in Frameworks */,
				6003F592195388D20070C39A /* UIKit.framework in Frameworks */,
				6003F58E195388D20070C39A /* Foundation.framework in Frameworks */,
				E042D2EE7479D25EAD46E33F /* Pods_SenseKit.framework in Frameworks */,
			);
			runOnlyForDeploymentPostprocessing = 0;
		};
		6003F5AB195388D20070C39A /* Frameworks */ = {
			isa = PBXFrameworksBuildPhase;
			buildActionMask = 2147483647;
			files = (
				6003F5B2195388D20070C39A /* UIKit.framework in Frameworks */,
				6003F5B1195388D20070C39A /* Foundation.framework in Frameworks */,
				0C29C79893EE2DFDD52FA8D7 /* Pods_Tests.framework in Frameworks */,
			);
			runOnlyForDeploymentPostprocessing = 0;
		};
/* End PBXFrameworksBuildPhase section */

/* Begin PBXGroup section */
		6003F581195388D10070C39A = {
			isa = PBXGroup;
			children = (
				60FF7A9C1954A5C5007DD14C /* Podspec Metadata */,
				6003F593195388D20070C39A /* SenseKit */,
				6003F5B5195388D20070C39A /* Tests */,
				6003F58C195388D20070C39A /* Frameworks */,
				6003F58B195388D20070C39A /* Products */,
				8BA9231F01B1B42CDBDA0998 /* Pods */,
			);
			sourceTree = "<group>";
		};
		6003F58B195388D20070C39A /* Products */ = {
			isa = PBXGroup;
			children = (
				6003F58A195388D20070C39A /* SenseKit.app */,
				6003F5AE195388D20070C39A /* Tests.xctest */,
			);
			name = Products;
			sourceTree = "<group>";
		};
		6003F58C195388D20070C39A /* Frameworks */ = {
			isa = PBXGroup;
			children = (
				BFBEE90E1D1882CE007A986B /* libPods-Tests.a */,
				BFBEE90C1D1882C1007A986B /* libPods-SenseKit.a */,
				BFBEE90A1D1882B1007A986B /* libPods-Tests.a */,
				8A4152BB1BB9BE2200413DCF /* libresolv.tbd */,
				6003F58D195388D20070C39A /* Foundation.framework */,
				6003F58F195388D20070C39A /* CoreGraphics.framework */,
				6003F591195388D20070C39A /* UIKit.framework */,
				AA170249670A6D10850A269E /* Pods_SenseKit.framework */,
				B59C242C1C364E589AE5DB72 /* Pods_Tests.framework */,
			);
			name = Frameworks;
			sourceTree = "<group>";
		};
		6003F593195388D20070C39A /* SenseKit */ = {
			isa = PBXGroup;
			children = (
				6003F59C195388D20070C39A /* SENAppDelegate.h */,
				6003F59D195388D20070C39A /* SENAppDelegate.m */,
				6003F59F195388D20070C39A /* Main_iPhone.storyboard */,
				6003F5A2195388D20070C39A /* Main_iPad.storyboard */,
				6003F5A5195388D20070C39A /* SENViewController.h */,
				6003F5A6195388D20070C39A /* SENViewController.m */,
				6003F5A8195388D20070C39A /* Images.xcassets */,
				6003F594195388D20070C39A /* Supporting Files */,
			);
			path = SenseKit;
			sourceTree = "<group>";
		};
		6003F594195388D20070C39A /* Supporting Files */ = {
			isa = PBXGroup;
			children = (
				BF25061D19E4CA9900CD131A /* SenseKit.entitlements */,
				6003F595195388D20070C39A /* SenseKit-Info.plist */,
				6003F596195388D20070C39A /* InfoPlist.strings */,
				6003F599195388D20070C39A /* main.m */,
				6003F59B195388D20070C39A /* SenseKit-Prefix.pch */,
			);
			name = "Supporting Files";
			sourceTree = "<group>";
		};
		6003F5B5195388D20070C39A /* Tests */ = {
			isa = PBXGroup;
			children = (
				8AFE76F519E718520000F881 /* API */,
				8AFE76F619E718550000F881 /* Model */,
				8AFE76F719E718820000F881 /* Service */,
				6003F5B6195388D20070C39A /* Supporting Files */,
			);
			path = Tests;
			sourceTree = "<group>";
		};
		6003F5B6195388D20070C39A /* Supporting Files */ = {
			isa = PBXGroup;
			children = (
				6003F5B7195388D20070C39A /* Tests-Info.plist */,
				6003F5B8195388D20070C39A /* InfoPlist.strings */,
				606FC2411953D9B200FFA9A0 /* Tests-Prefix.pch */,
			);
			name = "Supporting Files";
			sourceTree = "<group>";
		};
		60FF7A9C1954A5C5007DD14C /* Podspec Metadata */ = {
			isa = PBXGroup;
			children = (
				8AB29B7F196DFD8C004BE34E /* Makefile */,
				F82AF0792F344A2BB71AFFAF /* SenseKit.podspec */,
				7947F1071D0449D58162C4F5 /* README.md */,
			);
			name = "Podspec Metadata";
			sourceTree = "<group>";
		};
		8AFE76F519E718520000F881 /* API */ = {
			isa = PBXGroup;
			children = (
				BFB6D47119BA4342004CA11B /* SENAPIAccountSpec.m */,
				8A6659D719DCD35F00C88E9B /* SENAPIAlarmsSpec.m */,
				8A380D0A19C3930B009D94BE /* SENAPIClientSpec.m */,
				BFCD7E9C19D4DF4A004AE99D /* SENAPIDeviceSpec.m */,
				BF1E2E781A031DF900DDD0D0 /* SENAPIInsightSpec.m */,
				8A28CB0319CC983C0044A27D /* SENAPINotificationSpec.m */,
				BF8E1A971A6898CD009E421F /* SENAPIPreferenceSpec.m */,
				BF17A19E19C3C8B500C4B6CA /* SENAPIQuestionsSpec.m */,
				BF658A441B3C9280003DDF0F /* SENAPISupportSpec.m */,
				BFEB68591B3A6EA9002E8524 /* SENAPITimelineSpec.m */,
				BF1E2E651A01AE6400DDD0D0 /* SENAPITimeZoneSpec.m */,
				8A5313B71A6704AA003948E5 /* SENAPITrendsSpec.m */,
				8A46E46819D49803005E784E /* SENAuthorizationServiceSpec.m */,
				BFC4C2061B8E670500BB7761 /* SENAPIAppFeedbackSpec.m */,
				BF9450A61BBF3E7800BA0023 /* SENAPIAppStatsSpecs.m */,
				BF55D8731CA35B3300379FBF /* SENAPISleepSoundsSpec.m */,
				BFE375F61CF385620029EE66 /* SENAPIPhotoSpec.m */,
				BF238DDC1D19F76600F6E62C /* SENAPIShareSpec.m */,
				BF6098801D4ACC8C0005C8F0 /* SENAPISpeechSpec.m */,
				BFB989891D78AA470042D527 /* SENAPISensorSpec.m */,
				BFD7E7981D9B25CB007DB6E4 /* SENAPIExpansionSpec.m */,
				BFFDC1101DD2A310008F001B /* SENAPISystemAlertsSpec.m */,
			);
			name = API;
			sourceTree = "<group>";
		};
		8AFE76F619E718550000F881 /* Model */ = {
			isa = PBXGroup;
			children = (
				8AB29B7B196DC8C0004BE34E /* SENAlarmSpec.m */,
				8AE8BD701A85ACD0009E257B /* SENInsightInfoSpec.m */,
				8ABA8A2C1A85A6BF00E8B51F /* SENInsightSpec.m */,
				BF8E1A941A6893F1009E421F /* SENPreferenceSpec.m */,
				BF5E444719ACEF6D00278A2F /* SENSenseManagerSpec.m */,
				BF05C8DD1A392032002A1307 /* SENSenseSpec.m */,
				8A9266A01A5CC11F00D908EC /* SENSoundSpec.m */,
				8A45E66D1A819FBB0038AA7A /* SENTimelineMetricSpec.m */,
				8A22235119B66A4700C3480D /* SENTimelineSegmentSpec.m */,
				8AF2CFD519B63A1D00D09600 /* SENTimelineSpec.m */,
				BF98FC321A96922D00AEC04C /* SENLocalPreferencesSpec.m */,
				BFEB68571B3A663E002E8524 /* SENAccountSpec.m */,
				BFB7C3A91B6072CC001A6280 /* SENSenseWiFiStatusSpec.m */,
				BF539CC81C0E2B46000F77AA /* SENPillMetadataSpec.m */,
				BF8339811C0FAF5600BFD0F4 /* SENRemoteImageSpec.m */,
				BF55D8751CA4716B00379FBF /* SENSleepSoundsSpec.m */,
				BF55D8771CA4750100379FBF /* SENSleepSoundDurationsSpec.m */,
				BF87232E1DB85A5E0040D091 /* SENSenseVoiceSettingsSpec.m */,
				BF0871C61E45190C00E57C8C /* SENNotificationSettingSpec.m */,
			);
			name = Model;
			sourceTree = "<group>";
		};
		8AFE76F719E718820000F881 /* Service */ = {
			isa = PBXGroup;
			children = (
				BFF03EC51A533D1E00BD65D4 /* SENServiceDeviceSpec.m */,
			);
			name = Service;
			sourceTree = "<group>";
		};
		8BA9231F01B1B42CDBDA0998 /* Pods */ = {
			isa = PBXGroup;
			children = (
				07DF2A7DB2E33DD9C807733D /* Pods-SenseKit.debug.xcconfig */,
				3EFFC0E78CD7DD9E59C8F6D9 /* Pods-SenseKit.release.xcconfig */,
				F2B50593D78847DE0CF6F828 /* Pods-Tests.debug.xcconfig */,
				F32F5390DA373CB6EE4F2F54 /* Pods-Tests.release.xcconfig */,
			);
			name = Pods;
			sourceTree = "<group>";
		};
/* End PBXGroup section */

/* Begin PBXNativeTarget section */
		6003F589195388D20070C39A /* SenseKit */ = {
			isa = PBXNativeTarget;
			buildConfigurationList = 6003F5BF195388D20070C39A /* Build configuration list for PBXNativeTarget "SenseKit" */;
			buildPhases = (
				F174BB59C06694B2AC832FD5 /* [CP] Check Pods Manifest.lock */,
				36216B3FB94D92B9491CF076 /* [CP] Check Pods Manifest.lock */,
				6003F586195388D20070C39A /* Sources */,
				6003F587195388D20070C39A /* Frameworks */,
				6003F588195388D20070C39A /* Resources */,
				3521F58EFDE6C6728812DBDE /* [CP] Embed Pods Frameworks */,
				0052277169BA46CB8C09B93A /* [CP] Copy Pods Resources */,
				BEF036A1CE4546079E16B970 /* 📦 Embed Pods Frameworks */,
				7B35721E567616F2F2E64638 /* 📦 Copy Pods Resources */,
			);
			buildRules = (
			);
			dependencies = (
			);
			name = SenseKit;
			productName = SenseKit;
			productReference = 6003F58A195388D20070C39A /* SenseKit.app */;
			productType = "com.apple.product-type.application";
		};
		6003F5AD195388D20070C39A /* Tests */ = {
			isa = PBXNativeTarget;
			buildConfigurationList = 6003F5C2195388D20070C39A /* Build configuration list for PBXNativeTarget "Tests" */;
			buildPhases = (
				AC5209E45140E998B250E87A /* [CP] Check Pods Manifest.lock */,
				814F4C3823E4E86ED9AF3C52 /* [CP] Check Pods Manifest.lock */,
				6003F5AB195388D20070C39A /* Frameworks */,
				6003F5AA195388D20070C39A /* Sources */,
				6003F5AC195388D20070C39A /* Resources */,
				014B31EE1E43AF33F9CD5152 /* [CP] Embed Pods Frameworks */,
				99F6877DA527009392319F55 /* [CP] Copy Pods Resources */,
				6B2907481C7FE0BD6FF74D2C /* 📦 Embed Pods Frameworks */,
				071B075B416BD92597EA62AE /* 📦 Copy Pods Resources */,
			);
			buildRules = (
			);
			dependencies = (
				6003F5B4195388D20070C39A /* PBXTargetDependency */,
			);
			name = Tests;
			productName = SenseKitTests;
			productReference = 6003F5AE195388D20070C39A /* Tests.xctest */;
			productType = "com.apple.product-type.bundle.unit-test";
		};
/* End PBXNativeTarget section */

/* Begin PBXProject section */
		6003F582195388D10070C39A /* Project object */ = {
			isa = PBXProject;
			attributes = {
				CLASSPREFIX = SEN;
				LastUpgradeCheck = 0700;
				ORGANIZATIONNAME = "Hello, Inc.";
				TargetAttributes = {
					6003F589195388D20070C39A = {
						DevelopmentTeam = MSG86J7GNF;
						LastSwiftMigration = 0810;
						SystemCapabilities = {
							com.apple.ApplicationGroups.iOS = {
								enabled = 1;
							};
							com.apple.Keychain = {
								enabled = 1;
							};
						};
					};
					6003F5AD195388D20070C39A = {
						TestTargetID = 6003F589195388D20070C39A;
					};
				};
			};
			buildConfigurationList = 6003F585195388D10070C39A /* Build configuration list for PBXProject "SenseKit" */;
			compatibilityVersion = "Xcode 3.2";
			developmentRegion = English;
			hasScannedForEncodings = 0;
			knownRegions = (
				en,
				Base,
			);
			mainGroup = 6003F581195388D10070C39A;
			productRefGroup = 6003F58B195388D20070C39A /* Products */;
			projectDirPath = "";
			projectRoot = "";
			targets = (
				6003F589195388D20070C39A /* SenseKit */,
				6003F5AD195388D20070C39A /* Tests */,
			);
		};
/* End PBXProject section */

/* Begin PBXResourcesBuildPhase section */
		6003F588195388D20070C39A /* Resources */ = {
			isa = PBXResourcesBuildPhase;
			buildActionMask = 2147483647;
			files = (
				6003F5A4195388D20070C39A /* Main_iPad.storyboard in Resources */,
				6003F5A9195388D20070C39A /* Images.xcassets in Resources */,
				6003F5A1195388D20070C39A /* Main_iPhone.storyboard in Resources */,
				6003F598195388D20070C39A /* InfoPlist.strings in Resources */,
			);
			runOnlyForDeploymentPostprocessing = 0;
		};
		6003F5AC195388D20070C39A /* Resources */ = {
			isa = PBXResourcesBuildPhase;
			buildActionMask = 2147483647;
			files = (
				6003F5BA195388D20070C39A /* InfoPlist.strings in Resources */,
			);
			runOnlyForDeploymentPostprocessing = 0;
		};
/* End PBXResourcesBuildPhase section */

/* Begin PBXShellScriptBuildPhase section */
		0052277169BA46CB8C09B93A /* [CP] Copy Pods Resources */ = {
			isa = PBXShellScriptBuildPhase;
			buildActionMask = 2147483647;
			files = (
			);
			inputPaths = (
			);
			name = "[CP] Copy Pods Resources";
			outputPaths = (
			);
			runOnlyForDeploymentPostprocessing = 0;
			shellPath = /bin/sh;
			shellScript = "\"${SRCROOT}/Pods/Target Support Files/Pods-SenseKit/Pods-SenseKit-resources.sh\"\n";
			showEnvVarsInLog = 0;
		};
		014B31EE1E43AF33F9CD5152 /* [CP] Embed Pods Frameworks */ = {
			isa = PBXShellScriptBuildPhase;
			buildActionMask = 2147483647;
			files = (
			);
			inputPaths = (
			);
			name = "[CP] Embed Pods Frameworks";
			outputPaths = (
			);
			runOnlyForDeploymentPostprocessing = 0;
			shellPath = /bin/sh;
			shellScript = "\"${SRCROOT}/Pods/Target Support Files/Pods-Tests/Pods-Tests-frameworks.sh\"\n";
			showEnvVarsInLog = 0;
		};
		071B075B416BD92597EA62AE /* 📦 Copy Pods Resources */ = {
			isa = PBXShellScriptBuildPhase;
			buildActionMask = 2147483647;
			files = (
			);
			inputPaths = (
			);
			name = "📦 Copy Pods Resources";
			outputPaths = (
			);
			runOnlyForDeploymentPostprocessing = 0;
			shellPath = /bin/sh;
			shellScript = "\"${SRCROOT}/Pods/Target Support Files/Pods-Tests/Pods-Tests-resources.sh\"\n";
			showEnvVarsInLog = 0;
		};
		3521F58EFDE6C6728812DBDE /* [CP] Embed Pods Frameworks */ = {
			isa = PBXShellScriptBuildPhase;
			buildActionMask = 2147483647;
			files = (
			);
			inputPaths = (
			);
			name = "[CP] Embed Pods Frameworks";
			outputPaths = (
			);
			runOnlyForDeploymentPostprocessing = 0;
			shellPath = /bin/sh;
			shellScript = "\"${SRCROOT}/Pods/Target Support Files/Pods-SenseKit/Pods-SenseKit-frameworks.sh\"\n";
			showEnvVarsInLog = 0;
		};
		36216B3FB94D92B9491CF076 /* [CP] Check Pods Manifest.lock */ = {
			isa = PBXShellScriptBuildPhase;
			buildActionMask = 2147483647;
			files = (
			);
			inputPaths = (
			);
			name = "[CP] Check Pods Manifest.lock";
			outputPaths = (
			);
			runOnlyForDeploymentPostprocessing = 0;
			shellPath = /bin/sh;
			shellScript = "diff \"${PODS_ROOT}/../Podfile.lock\" \"${PODS_ROOT}/Manifest.lock\" > /dev/null\nif [[ $? != 0 ]] ; then\n    cat << EOM\nerror: The sandbox is not in sync with the Podfile.lock. Run 'pod install' or update your CocoaPods installation.\nEOM\n    exit 1\nfi\n";
			showEnvVarsInLog = 0;
		};
		6B2907481C7FE0BD6FF74D2C /* 📦 Embed Pods Frameworks */ = {
			isa = PBXShellScriptBuildPhase;
			buildActionMask = 2147483647;
			files = (
			);
			inputPaths = (
			);
			name = "📦 Embed Pods Frameworks";
			outputPaths = (
			);
			runOnlyForDeploymentPostprocessing = 0;
			shellPath = /bin/sh;
			shellScript = "\"${SRCROOT}/Pods/Target Support Files/Pods-Tests/Pods-Tests-frameworks.sh\"\n";
			showEnvVarsInLog = 0;
		};
		7B35721E567616F2F2E64638 /* 📦 Copy Pods Resources */ = {
			isa = PBXShellScriptBuildPhase;
			buildActionMask = 2147483647;
			files = (
			);
			inputPaths = (
			);
			name = "📦 Copy Pods Resources";
			outputPaths = (
			);
			runOnlyForDeploymentPostprocessing = 0;
			shellPath = /bin/sh;
			shellScript = "\"${SRCROOT}/Pods/Target Support Files/Pods-SenseKit/Pods-SenseKit-resources.sh\"\n";
			showEnvVarsInLog = 0;
		};
		814F4C3823E4E86ED9AF3C52 /* [CP] Check Pods Manifest.lock */ = {
			isa = PBXShellScriptBuildPhase;
			buildActionMask = 2147483647;
			files = (
			);
			inputPaths = (
			);
			name = "[CP] Check Pods Manifest.lock";
			outputPaths = (
			);
			runOnlyForDeploymentPostprocessing = 0;
			shellPath = /bin/sh;
			shellScript = "diff \"${PODS_ROOT}/../Podfile.lock\" \"${PODS_ROOT}/Manifest.lock\" > /dev/null\nif [[ $? != 0 ]] ; then\n    cat << EOM\nerror: The sandbox is not in sync with the Podfile.lock. Run 'pod install' or update your CocoaPods installation.\nEOM\n    exit 1\nfi\n";
			showEnvVarsInLog = 0;
		};
		99F6877DA527009392319F55 /* [CP] Copy Pods Resources */ = {
			isa = PBXShellScriptBuildPhase;
			buildActionMask = 2147483647;
			files = (
			);
			inputPaths = (
			);
			name = "[CP] Copy Pods Resources";
			outputPaths = (
			);
			runOnlyForDeploymentPostprocessing = 0;
			shellPath = /bin/sh;
			shellScript = "\"${SRCROOT}/Pods/Target Support Files/Pods-Tests/Pods-Tests-resources.sh\"\n";
			showEnvVarsInLog = 0;
		};
		AC5209E45140E998B250E87A /* [CP] Check Pods Manifest.lock */ = {
			isa = PBXShellScriptBuildPhase;
			buildActionMask = 2147483647;
			files = (
			);
			inputPaths = (
			);
			name = "[CP] Check Pods Manifest.lock";
			outputPaths = (
			);
			runOnlyForDeploymentPostprocessing = 0;
			shellPath = /bin/sh;
			shellScript = "diff \"${PODS_ROOT}/../Podfile.lock\" \"${PODS_ROOT}/Manifest.lock\" > /dev/null\nif [ $? != 0 ] ; then\n    # print error to STDERR\n    echo \"error: The sandbox is not in sync with the Podfile.lock. Run 'pod install' or update your CocoaPods installation.\" >&2\n    exit 1\nfi\n";
			showEnvVarsInLog = 0;
		};
		BEF036A1CE4546079E16B970 /* 📦 Embed Pods Frameworks */ = {
			isa = PBXShellScriptBuildPhase;
			buildActionMask = 2147483647;
			files = (
			);
			inputPaths = (
			);
			name = "📦 Embed Pods Frameworks";
			outputPaths = (
			);
			runOnlyForDeploymentPostprocessing = 0;
			shellPath = /bin/sh;
			shellScript = "\"${SRCROOT}/Pods/Target Support Files/Pods-SenseKit/Pods-SenseKit-frameworks.sh\"\n";
			showEnvVarsInLog = 0;
		};
		F174BB59C06694B2AC832FD5 /* [CP] Check Pods Manifest.lock */ = {
			isa = PBXShellScriptBuildPhase;
			buildActionMask = 2147483647;
			files = (
			);
			inputPaths = (
			);
			name = "[CP] Check Pods Manifest.lock";
			outputPaths = (
			);
			runOnlyForDeploymentPostprocessing = 0;
			shellPath = /bin/sh;
			shellScript = "diff \"${PODS_ROOT}/../Podfile.lock\" \"${PODS_ROOT}/Manifest.lock\" > /dev/null\nif [ $? != 0 ] ; then\n    # print error to STDERR\n    echo \"error: The sandbox is not in sync with the Podfile.lock. Run 'pod install' or update your CocoaPods installation.\" >&2\n    exit 1\nfi\n";
			showEnvVarsInLog = 0;
		};
/* End PBXShellScriptBuildPhase section */

/* Begin PBXSourcesBuildPhase section */
		6003F586195388D20070C39A /* Sources */ = {
			isa = PBXSourcesBuildPhase;
			buildActionMask = 2147483647;
			files = (
				6003F59E195388D20070C39A /* SENAppDelegate.m in Sources */,
				6003F5A7195388D20070C39A /* SENViewController.m in Sources */,
				6003F59A195388D20070C39A /* main.m in Sources */,
			);
			runOnlyForDeploymentPostprocessing = 0;
		};
		6003F5AA195388D20070C39A /* Sources */ = {
			isa = PBXSourcesBuildPhase;
			buildActionMask = 2147483647;
			files = (
				8A45E66E1A819FBB0038AA7A /* SENTimelineMetricSpec.m in Sources */,
				BF539CC91C0E2B46000F77AA /* SENPillMetadataSpec.m in Sources */,
				BF9450A71BBF3E7800BA0023 /* SENAPIAppStatsSpecs.m in Sources */,
				BF55D8781CA4750100379FBF /* SENSleepSoundDurationsSpec.m in Sources */,
				BF658A451B3C9280003DDF0F /* SENAPISupportSpec.m in Sources */,
				BF55D8761CA4716B00379FBF /* SENSleepSoundsSpec.m in Sources */,
				BFCD7E9E19D4DF4A004AE99D /* SENAPIDeviceSpec.m in Sources */,
				BFB6D47219BA4342004CA11B /* SENAPIAccountSpec.m in Sources */,
				BF55D8741CA35B3300379FBF /* SENAPISleepSoundsSpec.m in Sources */,
				8A9266A11A5CC11F00D908EC /* SENSoundSpec.m in Sources */,
				8AF2CFD619B63A1D00D09600 /* SENTimelineSpec.m in Sources */,
				BF1E2E661A01AE6400DDD0D0 /* SENAPITimeZoneSpec.m in Sources */,
				BF87232F1DB85A5E0040D091 /* SENSenseVoiceSettingsSpec.m in Sources */,
				BF5E444819ACEF6D00278A2F /* SENSenseManagerSpec.m in Sources */,
				BF238DDD1D19F76600F6E62C /* SENAPIShareSpec.m in Sources */,
				BF17A19F19C3C8B500C4B6CA /* SENAPIQuestionsSpec.m in Sources */,
				BFE375F71CF385620029EE66 /* SENAPIPhotoSpec.m in Sources */,
				8A28CB0419CC983C0044A27D /* SENAPINotificationSpec.m in Sources */,
				BF8339821C0FAF5600BFD0F4 /* SENRemoteImageSpec.m in Sources */,
				BF98FC331A96922D00AEC04C /* SENLocalPreferencesSpec.m in Sources */,
				8A22235219B66A4700C3480D /* SENTimelineSegmentSpec.m in Sources */,
				BF1E2E791A031DF900DDD0D0 /* SENAPIInsightSpec.m in Sources */,
				8AB29B7D196DC8C0004BE34E /* SENAlarmSpec.m in Sources */,
				8ABA8A2D1A85A6BF00E8B51F /* SENInsightSpec.m in Sources */,
				BFD7E7991D9B25CB007DB6E4 /* SENAPIExpansionSpec.m in Sources */,
				BFB9898A1D78AA470042D527 /* SENAPISensorSpec.m in Sources */,
				BFEB685A1B3A6EA9002E8524 /* SENAPITimelineSpec.m in Sources */,
				BF05C8DE1A392032002A1307 /* SENSenseSpec.m in Sources */,
				BF8E1A951A6893F1009E421F /* SENPreferenceSpec.m in Sources */,
				BFF03EC61A533D1E00BD65D4 /* SENServiceDeviceSpec.m in Sources */,
				BF6098811D4ACC8C0005C8F0 /* SENAPISpeechSpec.m in Sources */,
				BFB7C3AA1B6072CC001A6280 /* SENSenseWiFiStatusSpec.m in Sources */,
				BFFDC1111DD2A310008F001B /* SENAPISystemAlertsSpec.m in Sources */,
				BF0871C71E45190C00E57C8C /* SENNotificationSettingSpec.m in Sources */,
				8A380D0B19C3930B009D94BE /* SENAPIClientSpec.m in Sources */,
				8A6659D819DCD35F00C88E9B /* SENAPIAlarmsSpec.m in Sources */,
				BFEB68581B3A663E002E8524 /* SENAccountSpec.m in Sources */,
				8AE8BD711A85ACD0009E257B /* SENInsightInfoSpec.m in Sources */,
				BF8E1A981A6898CD009E421F /* SENAPIPreferenceSpec.m in Sources */,
				8A5313B81A6704AA003948E5 /* SENAPITrendsSpec.m in Sources */,
				8A46E46919D49803005E784E /* SENAuthorizationServiceSpec.m in Sources */,
				BFC4C2071B8E670500BB7761 /* SENAPIAppFeedbackSpec.m in Sources */,
			);
			runOnlyForDeploymentPostprocessing = 0;
		};
/* End PBXSourcesBuildPhase section */

/* Begin PBXTargetDependency section */
		6003F5B4195388D20070C39A /* PBXTargetDependency */ = {
			isa = PBXTargetDependency;
			target = 6003F589195388D20070C39A /* SenseKit */;
			targetProxy = 6003F5B3195388D20070C39A /* PBXContainerItemProxy */;
		};
/* End PBXTargetDependency section */

/* Begin PBXVariantGroup section */
		6003F596195388D20070C39A /* InfoPlist.strings */ = {
			isa = PBXVariantGroup;
			children = (
				6003F597195388D20070C39A /* en */,
			);
			name = InfoPlist.strings;
			sourceTree = "<group>";
		};
		6003F59F195388D20070C39A /* Main_iPhone.storyboard */ = {
			isa = PBXVariantGroup;
			children = (
				6003F5A0195388D20070C39A /* Base */,
			);
			name = Main_iPhone.storyboard;
			sourceTree = "<group>";
		};
		6003F5A2195388D20070C39A /* Main_iPad.storyboard */ = {
			isa = PBXVariantGroup;
			children = (
				6003F5A3195388D20070C39A /* Base */,
			);
			name = Main_iPad.storyboard;
			sourceTree = "<group>";
		};
		6003F5B8195388D20070C39A /* InfoPlist.strings */ = {
			isa = PBXVariantGroup;
			children = (
				6003F5B9195388D20070C39A /* en */,
			);
			name = InfoPlist.strings;
			sourceTree = "<group>";
		};
/* End PBXVariantGroup section */

/* Begin XCBuildConfiguration section */
		6003F5BD195388D20070C39A /* Debug */ = {
			isa = XCBuildConfiguration;
			buildSettings = {
				ALWAYS_SEARCH_USER_PATHS = NO;
				CLANG_ALLOW_NON_MODULAR_INCLUDES_IN_FRAMEWORK_MODULES = YES;
				CLANG_CXX_LANGUAGE_STANDARD = "gnu++0x";
				CLANG_CXX_LIBRARY = "libc++";
				CLANG_ENABLE_MODULES = YES;
				CLANG_ENABLE_OBJC_ARC = YES;
				CLANG_WARN_BOOL_CONVERSION = YES;
				CLANG_WARN_CONSTANT_CONVERSION = YES;
				CLANG_WARN_DIRECT_OBJC_ISA_USAGE = YES_ERROR;
				CLANG_WARN_EMPTY_BODY = YES;
				CLANG_WARN_ENUM_CONVERSION = YES;
				CLANG_WARN_INT_CONVERSION = YES;
				CLANG_WARN_OBJC_ROOT_CLASS = YES_ERROR;
				CLANG_WARN__DUPLICATE_METHOD_MATCH = YES;
				"CODE_SIGN_IDENTITY[sdk=iphoneos*]" = "iPhone Developer";
				COPY_PHASE_STRIP = NO;
				ENABLE_TESTABILITY = YES;
				GCC_C_LANGUAGE_STANDARD = gnu99;
				GCC_DYNAMIC_NO_PIC = NO;
				GCC_OPTIMIZATION_LEVEL = 0;
				GCC_PREPROCESSOR_DEFINITIONS = (
					"$(inherited)",
					"DEBUG=1",
				);
				GCC_SYMBOLS_PRIVATE_EXTERN = NO;
				GCC_WARN_64_TO_32_BIT_CONVERSION = YES;
				GCC_WARN_ABOUT_RETURN_TYPE = YES_ERROR;
				GCC_WARN_UNDECLARED_SELECTOR = YES;
				GCC_WARN_UNINITIALIZED_AUTOS = YES_AGGRESSIVE;
				GCC_WARN_UNUSED_FUNCTION = YES;
				GCC_WARN_UNUSED_VARIABLE = YES;
				IPHONEOS_DEPLOYMENT_TARGET = 9.0;
				ONLY_ACTIVE_ARCH = YES;
				OTHER_LDFLAGS = (
					"$(inherited)",
					"-ObjC",
					"-lc++",
					"-all_load",
				);
				SDKROOT = iphoneos;
				TARGETED_DEVICE_FAMILY = "1,2";
			};
			name = Debug;
		};
		6003F5BE195388D20070C39A /* Release */ = {
			isa = XCBuildConfiguration;
			buildSettings = {
				ALWAYS_SEARCH_USER_PATHS = NO;
				CLANG_ALLOW_NON_MODULAR_INCLUDES_IN_FRAMEWORK_MODULES = YES;
				CLANG_CXX_LANGUAGE_STANDARD = "gnu++0x";
				CLANG_CXX_LIBRARY = "libc++";
				CLANG_ENABLE_MODULES = YES;
				CLANG_ENABLE_OBJC_ARC = YES;
				CLANG_WARN_BOOL_CONVERSION = YES;
				CLANG_WARN_CONSTANT_CONVERSION = YES;
				CLANG_WARN_DIRECT_OBJC_ISA_USAGE = YES_ERROR;
				CLANG_WARN_EMPTY_BODY = YES;
				CLANG_WARN_ENUM_CONVERSION = YES;
				CLANG_WARN_INT_CONVERSION = YES;
				CLANG_WARN_OBJC_ROOT_CLASS = YES_ERROR;
				CLANG_WARN__DUPLICATE_METHOD_MATCH = YES;
				"CODE_SIGN_IDENTITY[sdk=iphoneos*]" = "iPhone Developer";
				COPY_PHASE_STRIP = YES;
				ENABLE_NS_ASSERTIONS = NO;
				GCC_C_LANGUAGE_STANDARD = gnu99;
				GCC_PREPROCESSOR_DEFINITIONS = "";
				GCC_WARN_64_TO_32_BIT_CONVERSION = YES;
				GCC_WARN_ABOUT_RETURN_TYPE = YES_ERROR;
				GCC_WARN_UNDECLARED_SELECTOR = YES;
				GCC_WARN_UNINITIALIZED_AUTOS = YES_AGGRESSIVE;
				GCC_WARN_UNUSED_FUNCTION = YES;
				GCC_WARN_UNUSED_VARIABLE = YES;
				IPHONEOS_DEPLOYMENT_TARGET = 9.0;
				OTHER_LDFLAGS = (
					"$(inherited)",
					"-ObjC",
					"-lc++",
					"-all_load",
				);
				SDKROOT = iphoneos;
				TARGETED_DEVICE_FAMILY = "1,2";
				VALIDATE_PRODUCT = YES;
			};
			name = Release;
		};
		6003F5C0195388D20070C39A /* Debug */ = {
			isa = XCBuildConfiguration;
			baseConfigurationReference = 07DF2A7DB2E33DD9C807733D /* Pods-SenseKit.debug.xcconfig */;
			buildSettings = {
				ASSETCATALOG_COMPILER_APPICON_NAME = AppIcon;
				ASSETCATALOG_COMPILER_LAUNCHIMAGE_NAME = LaunchImage;
				CLANG_ALLOW_NON_MODULAR_INCLUDES_IN_FRAMEWORK_MODULES = YES;
				CLANG_ANALYZER_SECURITY_FLOATLOOPCOUNTER = YES;
				CLANG_ANALYZER_SECURITY_INSECUREAPI_RAND = YES;
				CLANG_ANALYZER_SECURITY_INSECUREAPI_STRCPY = YES;
				CLANG_WARN_ASSIGN_ENUM = YES;
				CLANG_WARN_DEPRECATED_OBJC_IMPLEMENTATIONS = YES;
				CLANG_WARN_DOCUMENTATION_COMMENTS = YES;
				CLANG_WARN_NULLABLE_TO_NONNULL_CONVERSION = YES;
				CLANG_WARN_SUSPICIOUS_IMPLICIT_CONVERSION = YES;
				CLANG_WARN_UNREACHABLE_CODE = YES;
				CODE_SIGN_ENTITLEMENTS = SenseKit/SenseKit.entitlements;
				CODE_SIGN_IDENTITY = "iPhone Developer";
				"CODE_SIGN_IDENTITY[sdk=iphoneos*]" = "iPhone Developer";
				ENABLE_BITCODE = NO;
				GCC_PRECOMPILE_PREFIX_HEADER = YES;
				GCC_PREFIX_HEADER = "SenseKit/SenseKit-Prefix.pch";
				GCC_PREPROCESSOR_DEFINITIONS = "$(inherited)";
				GCC_WARN_INITIALIZER_NOT_FULLY_BRACKETED = YES;
				HEADER_SEARCH_PATHS = (
					"$(inherited)",
					"\"${PODS_ROOT}/Headers/Public\"",
					"\"${PODS_ROOT}/Headers/Public/AFNetworking\"",
					"\"${PODS_ROOT}/Headers/Public/CGFloatType\"",
					"\"${PODS_ROOT}/Headers/Public/CocoaLumberjack\"",
					"\"${PODS_ROOT}/Headers/Public/FXKeychain\"",
					"\"${PODS_ROOT}/Headers/Public/Kiwi\"",
					"\"${PODS_ROOT}/Headers/Public/LGBluetooth\"",
					"\"${PODS_ROOT}/Headers/Public/NSJSONSerialization-NSNullRemoval\"",
					"\"${PODS_ROOT}/Headers/Public/Nocilla\"",
					"\"${PODS_ROOT}/Headers/Public/SHSProtoBuf\"/**",
					"\"${PODS_ROOT}/Headers/Public/SenseKit\"",
				);
				INFOPLIST_FILE = "SenseKit/SenseKit-Info.plist";
				IPHONEOS_DEPLOYMENT_TARGET = 9.0;
				LIBRARY_SEARCH_PATHS = "$(inherited)";
				OTHER_LDFLAGS = (
					"$(inherited)",
					"-ObjC",
					"-framework",
					"\"AFNetworking\"",
					"-framework",
					"\"CocoaLumberjack\"",
					"-framework",
					"\"FXKeychain\"",
					"-framework",
					"\"LGBluetooth\"",
					"-I\"NSJSONSerialization-NSNullRemoval\"",
					"-I\"SHSProtoBuf\"",
					"-I\"SenseKit\"",
					"-framework",
					"\"CoreBluetooth\"",
					"-framework",
					"\"CoreGraphics\"",
					"-framework",
					"\"CoreTelephony\"",
					"-framework",
					"\"MobileCoreServices\"",
					"-framework",
					"\"Security\"",
					"-framework",
					"\"SystemConfiguration\"",
					"-framework",
					"\"UIKit\"",
					"-framework",
					"\"WatchKit\"",
					"-lresolv",
				);
				PRODUCT_BUNDLE_IDENTIFIER = is.hello.SenseKit;
				PRODUCT_NAME = "$(TARGET_NAME)";
				PROVISIONING_PROFILE = "";
				SWIFT_VERSION = 3.0;
				WRAPPER_EXTENSION = app;
			};
			name = Debug;
		};
		6003F5C1195388D20070C39A /* Release */ = {
			isa = XCBuildConfiguration;
			baseConfigurationReference = 3EFFC0E78CD7DD9E59C8F6D9 /* Pods-SenseKit.release.xcconfig */;
			buildSettings = {
				ASSETCATALOG_COMPILER_APPICON_NAME = AppIcon;
				ASSETCATALOG_COMPILER_LAUNCHIMAGE_NAME = LaunchImage;
				CLANG_ALLOW_NON_MODULAR_INCLUDES_IN_FRAMEWORK_MODULES = YES;
				CLANG_ANALYZER_SECURITY_FLOATLOOPCOUNTER = YES;
				CLANG_ANALYZER_SECURITY_INSECUREAPI_RAND = YES;
				CLANG_ANALYZER_SECURITY_INSECUREAPI_STRCPY = YES;
				CLANG_WARN_ASSIGN_ENUM = YES;
				CLANG_WARN_DEPRECATED_OBJC_IMPLEMENTATIONS = YES;
				CLANG_WARN_DOCUMENTATION_COMMENTS = YES;
				CLANG_WARN_NULLABLE_TO_NONNULL_CONVERSION = YES;
				CLANG_WARN_SUSPICIOUS_IMPLICIT_CONVERSION = YES;
				CLANG_WARN_UNREACHABLE_CODE = YES;
				CODE_SIGN_ENTITLEMENTS = SenseKit/SenseKit.entitlements;
				CODE_SIGN_IDENTITY = "iPhone Developer";
				"CODE_SIGN_IDENTITY[sdk=iphoneos*]" = "iPhone Developer";
				ENABLE_BITCODE = NO;
				GCC_PRECOMPILE_PREFIX_HEADER = YES;
				GCC_PREFIX_HEADER = "SenseKit/SenseKit-Prefix.pch";
				GCC_PREPROCESSOR_DEFINITIONS = "$(inherited)";
				GCC_WARN_INITIALIZER_NOT_FULLY_BRACKETED = YES;
				HEADER_SEARCH_PATHS = (
					"$(inherited)",
					"\"${PODS_ROOT}/Headers/Public\"",
					"\"${PODS_ROOT}/Headers/Public/AFNetworking\"",
					"\"${PODS_ROOT}/Headers/Public/CGFloatType\"",
					"\"${PODS_ROOT}/Headers/Public/CocoaLumberjack\"",
					"\"${PODS_ROOT}/Headers/Public/FXKeychain\"",
					"\"${PODS_ROOT}/Headers/Public/Kiwi\"",
					"\"${PODS_ROOT}/Headers/Public/LGBluetooth\"",
					"\"${PODS_ROOT}/Headers/Public/NSJSONSerialization-NSNullRemoval\"",
					"\"${PODS_ROOT}/Headers/Public/Nocilla\"",
					"\"${PODS_ROOT}/Headers/Public/SHSProtoBuf\"/**",
					"\"${PODS_ROOT}/Headers/Public/SenseKit\"",
				);
				INFOPLIST_FILE = "SenseKit/SenseKit-Info.plist";
				IPHONEOS_DEPLOYMENT_TARGET = 9.0;
				LIBRARY_SEARCH_PATHS = "$(inherited)";
				OTHER_LDFLAGS = (
					"$(inherited)",
					"-ObjC",
					"-framework",
					"\"AFNetworking\"",
					"-framework",
					"\"CocoaLumberjack\"",
					"-framework",
					"\"FXKeychain\"",
					"-framework",
					"\"LGBluetooth\"",
					"-I\"NSJSONSerialization-NSNullRemoval\"",
					"-I\"SHSProtoBuf\"",
					"-I\"SenseKit\"",
					"-framework",
					"\"CoreBluetooth\"",
					"-framework",
					"\"CoreGraphics\"",
					"-framework",
					"\"CoreTelephony\"",
					"-framework",
					"\"MobileCoreServices\"",
					"-framework",
					"\"Security\"",
					"-framework",
					"\"SystemConfiguration\"",
					"-framework",
					"\"UIKit\"",
					"-framework",
					"\"WatchKit\"",
					"-lresolv",
				);
				PRODUCT_BUNDLE_IDENTIFIER = is.hello.SenseKit;
				PRODUCT_NAME = "$(TARGET_NAME)";
				PROVISIONING_PROFILE = "";
				SWIFT_VERSION = 3.0;
				WRAPPER_EXTENSION = app;
			};
			name = Release;
		};
		6003F5C3195388D20070C39A /* Debug */ = {
			isa = XCBuildConfiguration;
			baseConfigurationReference = F2B50593D78847DE0CF6F828 /* Pods-Tests.debug.xcconfig */;
			buildSettings = {
				BUNDLE_LOADER = "$(BUILT_PRODUCTS_DIR)/SenseKit.app/SenseKit";
				CODE_SIGN_IDENTITY = "iPhone Developer";
				FRAMEWORK_SEARCH_PATHS = (
					"$(SDKROOT)/Developer/Library/Frameworks",
					"$(inherited)",
					"$(DEVELOPER_FRAMEWORKS_DIR)",
					"$(PLATFORM_DIR)/Developer/Library/Frameworks",
				);
				GCC_PRECOMPILE_PREFIX_HEADER = YES;
				GCC_PREFIX_HEADER = "Tests/Tests-Prefix.pch";
				GCC_PREPROCESSOR_DEFINITIONS = (
					"DEBUG=1",
					"$(inherited)",
				);
				HEADER_SEARCH_PATHS = (
					"$(inherited)",
					"\"${PODS_ROOT}/Headers/Public\"",
					"\"${PODS_ROOT}/Headers/Public/AFNetworking\"",
					"\"${PODS_ROOT}/Headers/Public/CGFloatType\"",
					"\"${PODS_ROOT}/Headers/Public/CocoaLumberjack\"",
					"\"${PODS_ROOT}/Headers/Public/FXKeychain\"",
					"\"${PODS_ROOT}/Headers/Public/Kiwi\"",
					"\"${PODS_ROOT}/Headers/Public/LGBluetooth\"",
					"\"${PODS_ROOT}/Headers/Public/NSJSONSerialization-NSNullRemoval\"",
					"\"${PODS_ROOT}/Headers/Public/Nocilla\"",
					"\"${PODS_ROOT}/Headers/Public/SHSProtoBuf\"/**",
					"\"${PODS_ROOT}/Headers/Public/SenseKit\"",
				);
				INFOPLIST_FILE = "Tests/Tests-Info.plist";
				LIBRARY_SEARCH_PATHS = (
					"$(inherited)",
					"$(PROJECT_DIR)/build/Debug-iphoneos",
				);
				PRODUCT_BUNDLE_IDENTIFIER = "org.cocoapods.demo.${PRODUCT_NAME:rfc1034identifier}";
				PRODUCT_NAME = "$(TARGET_NAME)";
				TEST_HOST = "$(BUNDLE_LOADER)";
				WRAPPER_EXTENSION = xctest;
			};
			name = Debug;
		};
		6003F5C4195388D20070C39A /* Release */ = {
			isa = XCBuildConfiguration;
			baseConfigurationReference = F32F5390DA373CB6EE4F2F54 /* Pods-Tests.release.xcconfig */;
			buildSettings = {
				BUNDLE_LOADER = "$(BUILT_PRODUCTS_DIR)/SenseKit.app/SenseKit";
				CODE_SIGN_IDENTITY = "iPhone Developer";
				FRAMEWORK_SEARCH_PATHS = (
					"$(SDKROOT)/Developer/Library/Frameworks",
					"$(inherited)",
					"$(DEVELOPER_FRAMEWORKS_DIR)",
					"$(PLATFORM_DIR)/Developer/Library/Frameworks",
				);
				GCC_PRECOMPILE_PREFIX_HEADER = YES;
				GCC_PREFIX_HEADER = "Tests/Tests-Prefix.pch";
				HEADER_SEARCH_PATHS = (
					"$(inherited)",
					"\"${PODS_ROOT}/Headers/Public\"",
					"\"${PODS_ROOT}/Headers/Public/AFNetworking\"",
					"\"${PODS_ROOT}/Headers/Public/CGFloatType\"",
					"\"${PODS_ROOT}/Headers/Public/CocoaLumberjack\"",
					"\"${PODS_ROOT}/Headers/Public/FXKeychain\"",
					"\"${PODS_ROOT}/Headers/Public/Kiwi\"",
					"\"${PODS_ROOT}/Headers/Public/LGBluetooth\"",
					"\"${PODS_ROOT}/Headers/Public/NSJSONSerialization-NSNullRemoval\"",
					"\"${PODS_ROOT}/Headers/Public/Nocilla\"",
					"\"${PODS_ROOT}/Headers/Public/SHSProtoBuf\"/**",
					"\"${PODS_ROOT}/Headers/Public/SenseKit\"",
				);
				INFOPLIST_FILE = "Tests/Tests-Info.plist";
				LIBRARY_SEARCH_PATHS = (
					"$(inherited)",
					"$(PROJECT_DIR)/build/Debug-iphoneos",
				);
				PRODUCT_BUNDLE_IDENTIFIER = "org.cocoapods.demo.${PRODUCT_NAME:rfc1034identifier}";
				PRODUCT_NAME = "$(TARGET_NAME)";
				TEST_HOST = "$(BUNDLE_LOADER)";
				WRAPPER_EXTENSION = xctest;
			};
			name = Release;
		};
/* End XCBuildConfiguration section */

/* Begin XCConfigurationList section */
		6003F585195388D10070C39A /* Build configuration list for PBXProject "SenseKit" */ = {
			isa = XCConfigurationList;
			buildConfigurations = (
				6003F5BD195388D20070C39A /* Debug */,
				6003F5BE195388D20070C39A /* Release */,
			);
			defaultConfigurationIsVisible = 0;
			defaultConfigurationName = Release;
		};
		6003F5BF195388D20070C39A /* Build configuration list for PBXNativeTarget "SenseKit" */ = {
			isa = XCConfigurationList;
			buildConfigurations = (
				6003F5C0195388D20070C39A /* Debug */,
				6003F5C1195388D20070C39A /* Release */,
			);
			defaultConfigurationIsVisible = 0;
			defaultConfigurationName = Release;
		};
		6003F5C2195388D20070C39A /* Build configuration list for PBXNativeTarget "Tests" */ = {
			isa = XCConfigurationList;
			buildConfigurations = (
				6003F5C3195388D20070C39A /* Debug */,
				6003F5C4195388D20070C39A /* Release */,
			);
			defaultConfigurationIsVisible = 0;
			defaultConfigurationName = Release;
		};
/* End XCConfigurationList section */
	};
	rootObject = 6003F582195388D10070C39A /* Project object */;
}
