PODS:
  - AFNetworking (2.5.0):
    - AFNetworking/NSURLConnection
    - AFNetworking/NSURLSession
    - AFNetworking/Reachability
    - AFNetworking/Security
    - AFNetworking/Serialization
    - AFNetworking/UIKit
  - AFNetworking/NSURLConnection (2.5.0):
    - AFNetworking/Reachability
    - AFNetworking/Security
    - AFNetworking/Serialization
  - AFNetworking/NSURLSession (2.5.0):
    - AFNetworking/Reachability
    - AFNetworking/Security
    - AFNetworking/Serialization
  - AFNetworking/Reachability (2.5.0)
  - AFNetworking/Security (2.5.0)
  - AFNetworking/Serialization (2.5.0)
  - AFNetworking/UIKit (2.5.0):
    - AFNetworking/NSURLConnection
    - AFNetworking/NSURLSession
  - CocoaLumberjack (2.0.0-rc):
    - CocoaLumberjack/Default
    - CocoaLumberjack/Extensions
  - CocoaLumberjack/Core (2.0.0-rc)
  - CocoaLumberjack/Default (2.0.0-rc):
    - CocoaLumberjack/Core
  - CocoaLumberjack/Extensions (2.0.0-rc):
    - CocoaLumberjack/Default
  - FXKeychain (1.5.2)
  - Kiwi (2.3.1)
  - LGBluetooth (1.1.4)
  - Mixpanel (2.4.2)
  - Nocilla (HEAD based on 0.9.0)
  - NSJSONSerialization-NSNullRemoval (1.0.1)
  - SenseKit (0.1.0):
    - SenseKit/Analytics
    - SenseKit/API
    - SenseKit/BLE
    - SenseKit/Model
    - SenseKit/Service
  - SenseKit/Analytics (0.1.0):
    - CocoaLumberjack
    - Mixpanel (= 2.4.2)
  - SenseKit/API (0.1.0):
    - AFNetworking (~> 2.5.0)
    - FXKeychain (~> 1.5.1)
    - NSJSONSerialization-NSNullRemoval (~> 1.0.0)
  - SenseKit/BLE (0.1.0):
    - CocoaLumberjack
    - LGBluetooth (~> 1.1.4)
    - SHSProtoBuf
  - SenseKit/Model (0.1.0):
    - YapDatabase (~> 2.4.3)
  - SenseKit/Service (0.1.0):
    - CocoaLumberjack
  - SHSProtoBuf (0.9):
    - SHSProtoBuf/non-arc
  - SHSProtoBuf/non-arc (0.9)
  - YapDatabase (2.4.3):
    - YapDatabase/standard
  - YapDatabase/common (2.4.3):
    - CocoaLumberjack (~> 1.6.3)
  - YapDatabase/standard (2.4.3):
    - YapDatabase/common

DEPENDENCIES:
  - Kiwi
  - Nocilla (HEAD)
  - SenseKit (from `../`)
  - SHSProtoBuf (from `git@github.com:hello/protobuf-objc.git`)

EXTERNAL SOURCES:
  SenseKit:
    :path: ../
  SHSProtoBuf:
    :git: git@github.com:hello/protobuf-objc.git

SPEC CHECKSUMS:
  AFNetworking: 0f54cb5d16ce38c1b76948faffb8d5fb705021c7
  CocoaLumberjack: 6186e27827fc574b50b16c10102fcc591437f06c
  FXKeychain: c97c352f1923809032339514ec4d6b0ed151bc3b
  Kiwi: 73e1400209055ee9c8ba78c6012b6b642d0fb9f7
  LGBluetooth: 00f37b8c29cccc1dd44d5f726b2ec4a6e91c74ec
  Mixpanel: cd01a5952773eaff12880da334a9776180c5f0a7
  Nocilla: 4d713c56e7357fd0cac0363854d4a58021ad3f41
  NSJSONSerialization-NSNullRemoval: b3f02955f898d01205567e3f1292e4aae3ad547e
  SenseKit: 4af58d031c9198e8c1501432006752413b3aadf6
  SHSProtoBuf: 62a02d425f5dbee00d057bae65d76f0f01737410
  YapDatabase: 2ec54726596299c88e09e899e8f17c15d7f6b18a

COCOAPODS: 0.34.4
